// !$*UTF8*$!
{
	archiveVersion = 1;
	classes = {
	};
	objectVersion = 55;
	objects = {

/* Begin PBXBuildFile section */
		49590B43282B5135005E5258 /* TimerData.swift in Sources */ = {isa = PBXBuildFile; fileRef = 49590B42282B5135005E5258 /* TimerData.swift */; };
		49590B44282B5135005E5258 /* TimerData.swift in Sources */ = {isa = PBXBuildFile; fileRef = 49590B42282B5135005E5258 /* TimerData.swift */; };
		49590B46282B54CF005E5258 /* SecondView.swift in Sources */ = {isa = PBXBuildFile; fileRef = 49590B45282B54CF005E5258 /* SecondView.swift */; };
		49590B47282B54CF005E5258 /* SecondView.swift in Sources */ = {isa = PBXBuildFile; fileRef = 49590B45282B54CF005E5258 /* SecondView.swift */; };
		49852360282B4DDC00F2F6A9 /* Tests_iOS.swift in Sources */ = {isa = PBXBuildFile; fileRef = 4985235F282B4DDC00F2F6A9 /* Tests_iOS.swift */; };
		49852362282B4DDC00F2F6A9 /* Tests_iOSLaunchTests.swift in Sources */ = {isa = PBXBuildFile; fileRef = 49852361282B4DDC00F2F6A9 /* Tests_iOSLaunchTests.swift */; };
		4985236C282B4DDC00F2F6A9 /* Tests_macOS.swift in Sources */ = {isa = PBXBuildFile; fileRef = 4985236B282B4DDC00F2F6A9 /* Tests_macOS.swift */; };
		4985236E282B4DDC00F2F6A9 /* Tests_macOSLaunchTests.swift in Sources */ = {isa = PBXBuildFile; fileRef = 4985236D282B4DDC00F2F6A9 /* Tests_macOSLaunchTests.swift */; };
		4985236F282B4DDC00F2F6A9 /* ObservableDemoApp.swift in Sources */ = {isa = PBXBuildFile; fileRef = 49852347282B4DDB00F2F6A9 /* ObservableDemoApp.swift */; };
		49852370282B4DDC00F2F6A9 /* ObservableDemoApp.swift in Sources */ = {isa = PBXBuildFile; fileRef = 49852347282B4DDB00F2F6A9 /* ObservableDemoApp.swift */; };
		49852371282B4DDC00F2F6A9 /* ContentView.swift in Sources */ = {isa = PBXBuildFile; fileRef = 49852348282B4DDB00F2F6A9 /* ContentView.swift */; };
		49852372282B4DDC00F2F6A9 /* ContentView.swift in Sources */ = {isa = PBXBuildFile; fileRef = 49852348282B4DDB00F2F6A9 /* ContentView.swift */; };
		49852373282B4DDC00F2F6A9 /* Assets.xcassets in Resources */ = {isa = PBXBuildFile; fileRef = 49852349282B4DDC00F2F6A9 /* Assets.xcassets */; };
		49852374282B4DDC00F2F6A9 /* Assets.xcassets in Resources */ = {isa = PBXBuildFile; fileRef = 49852349282B4DDC00F2F6A9 /* Assets.xcassets */; };
/* End PBXBuildFile section */

/* Begin PBXContainerItemProxy section */
		4985235C282B4DDC00F2F6A9 /* PBXContainerItemProxy */ = {
			isa = PBXContainerItemProxy;
			containerPortal = 49852342282B4DDB00F2F6A9 /* Project object */;
			proxyType = 1;
			remoteGlobalIDString = 4985234D282B4DDC00F2F6A9;
			remoteInfo = "ObservableDemo (iOS)";
		};
		49852368282B4DDC00F2F6A9 /* PBXContainerItemProxy */ = {
			isa = PBXContainerItemProxy;
			containerPortal = 49852342282B4DDB00F2F6A9 /* Project object */;
			proxyType = 1;
			remoteGlobalIDString = 49852353282B4DDC00F2F6A9;
			remoteInfo = "ObservableDemo (macOS)";
		};
/* End PBXContainerItemProxy section */

/* Begin PBXFileReference section */
		49590B42282B5135005E5258 /* TimerData.swift */ = {isa = PBXFileReference; lastKnownFileType = sourcecode.swift; path = TimerData.swift; sourceTree = "<group>"; };
		49590B45282B54CF005E5258 /* SecondView.swift */ = {isa = PBXFileReference; lastKnownFileType = sourcecode.swift; path = SecondView.swift; sourceTree = "<group>"; };
		49852347282B4DDB00F2F6A9 /* ObservableDemoApp.swift */ = {isa = PBXFileReference; lastKnownFileType = sourcecode.swift; path = ObservableDemoApp.swift; sourceTree = "<group>"; };
		49852348282B4DDB00F2F6A9 /* ContentView.swift */ = {isa = PBXFileReference; lastKnownFileType = sourcecode.swift; path = ContentView.swift; sourceTree = "<group>"; };
		49852349282B4DDC00F2F6A9 /* Assets.xcassets */ = {isa = PBXFileReference; lastKnownFileType = folder.assetcatalog; path = Assets.xcassets; sourceTree = "<group>"; };
		4985234E282B4DDC00F2F6A9 /* ObservableDemo.app */ = {isa = PBXFileReference; explicitFileType = wrapper.application; includeInIndex = 0; path = ObservableDemo.app; sourceTree = BUILT_PRODUCTS_DIR; };
		49852354282B4DDC00F2F6A9 /* ObservableDemo.app */ = {isa = PBXFileReference; explicitFileType = wrapper.application; includeInIndex = 0; path = ObservableDemo.app; sourceTree = BUILT_PRODUCTS_DIR; };
		49852356282B4DDC00F2F6A9 /* macOS.entitlements */ = {isa = PBXFileReference; lastKnownFileType = text.plist.entitlements; path = macOS.entitlements; sourceTree = "<group>"; };
		4985235B282B4DDC00F2F6A9 /* Tests iOS.xctest */ = {isa = PBXFileReference; explicitFileType = wrapper.cfbundle; includeInIndex = 0; path = "Tests iOS.xctest"; sourceTree = BUILT_PRODUCTS_DIR; };
		4985235F282B4DDC00F2F6A9 /* Tests_iOS.swift */ = {isa = PBXFileReference; lastKnownFileType = sourcecode.swift; path = Tests_iOS.swift; sourceTree = "<group>"; };
		49852361282B4DDC00F2F6A9 /* Tests_iOSLaunchTests.swift */ = {isa = PBXFileReference; lastKnownFileType = sourcecode.swift; path = Tests_iOSLaunchTests.swift; sourceTree = "<group>"; };
		49852367282B4DDC00F2F6A9 /* Tests macOS.xctest */ = {isa = PBXFileReference; explicitFileType = wrapper.cfbundle; includeInIndex = 0; path = "Tests macOS.xctest"; sourceTree = BUILT_PRODUCTS_DIR; };
		4985236B282B4DDC00F2F6A9 /* Tests_macOS.swift */ = {isa = PBXFileReference; lastKnownFileType = sourcecode.swift; path = Tests_macOS.swift; sourceTree = "<group>"; };
		4985236D282B4DDC00F2F6A9 /* Tests_macOSLaunchTests.swift */ = {isa = PBXFileReference; lastKnownFileType = sourcecode.swift; path = Tests_macOSLaunchTests.swift; sourceTree = "<group>"; };
/* End PBXFileReference section */

/* Begin PBXFrameworksBuildPhase section */
		4985234B282B4DDC00F2F6A9 /* Frameworks */ = {
			isa = PBXFrameworksBuildPhase;
			buildActionMask = 2147483647;
			files = (
			);
			runOnlyForDeploymentPostprocessing = 0;
		};
		49852351282B4DDC00F2F6A9 /* Frameworks */ = {
			isa = PBXFrameworksBuildPhase;
			buildActionMask = 2147483647;
			files = (
			);
			runOnlyForDeploymentPostprocessing = 0;
		};
		49852358282B4DDC00F2F6A9 /* Frameworks */ = {
			isa = PBXFrameworksBuildPhase;
			buildActionMask = 2147483647;
			files = (
			);
			runOnlyForDeploymentPostprocessing = 0;
		};
		49852364282B4DDC00F2F6A9 /* Frameworks */ = {
			isa = PBXFrameworksBuildPhase;
			buildActionMask = 2147483647;
			files = (
			);
			runOnlyForDeploymentPostprocessing = 0;
		};
/* End PBXFrameworksBuildPhase section */

/* Begin PBXGroup section */
		49852341282B4DDB00F2F6A9 = {
			isa = PBXGroup;
			children = (
				49852346282B4DDB00F2F6A9 /* Shared */,
				49852355282B4DDC00F2F6A9 /* macOS */,
				4985235E282B4DDC00F2F6A9 /* Tests iOS */,
				4985236A282B4DDC00F2F6A9 /* Tests macOS */,
				4985234F282B4DDC00F2F6A9 /* Products */,
			);
			sourceTree = "<group>";
		};
		49852346282B4DDB00F2F6A9 /* Shared */ = {
			isa = PBXGroup;
			children = (
				49852347282B4DDB00F2F6A9 /* ObservableDemoApp.swift */,
				49852348282B4DDB00F2F6A9 /* ContentView.swift */,
				49590B42282B5135005E5258 /* TimerData.swift */,
				49852349282B4DDC00F2F6A9 /* Assets.xcassets */,
				49590B45282B54CF005E5258 /* SecondView.swift */,
			);
			path = Shared;
			sourceTree = "<group>";
		};
		4985234F282B4DDC00F2F6A9 /* Products */ = {
			isa = PBXGroup;
			children = (
				4985234E282B4DDC00F2F6A9 /* ObservableDemo.app */,
				49852354282B4DDC00F2F6A9 /* ObservableDemo.app */,
				4985235B282B4DDC00F2F6A9 /* Tests iOS.xctest */,
				49852367282B4DDC00F2F6A9 /* Tests macOS.xctest */,
			);
			name = Products;
			sourceTree = "<group>";
		};
		49852355282B4DDC00F2F6A9 /* macOS */ = {
			isa = PBXGroup;
			children = (
				49852356282B4DDC00F2F6A9 /* macOS.entitlements */,
			);
			path = macOS;
			sourceTree = "<group>";
		};
		4985235E282B4DDC00F2F6A9 /* Tests iOS */ = {
			isa = PBXGroup;
			children = (
				4985235F282B4DDC00F2F6A9 /* Tests_iOS.swift */,
				49852361282B4DDC00F2F6A9 /* Tests_iOSLaunchTests.swift */,
			);
			path = "Tests iOS";
			sourceTree = "<group>";
		};
		4985236A282B4DDC00F2F6A9 /* Tests macOS */ = {
			isa = PBXGroup;
			children = (
				4985236B282B4DDC00F2F6A9 /* Tests_macOS.swift */,
				4985236D282B4DDC00F2F6A9 /* Tests_macOSLaunchTests.swift */,
			);
			path = "Tests macOS";
			sourceTree = "<group>";
		};
/* End PBXGroup section */

/* Begin PBXNativeTarget section */
		4985234D282B4DDC00F2F6A9 /* ObservableDemo (iOS) */ = {
			isa = PBXNativeTarget;
			buildConfigurationList = 49852377282B4DDC00F2F6A9 /* Build configuration list for PBXNativeTarget "ObservableDemo (iOS)" */;
			buildPhases = (
				4985234A282B4DDC00F2F6A9 /* Sources */,
				4985234B282B4DDC00F2F6A9 /* Frameworks */,
				4985234C282B4DDC00F2F6A9 /* Resources */,
			);
			buildRules = (
			);
			dependencies = (
			);
			name = "ObservableDemo (iOS)";
			productName = "ObservableDemo (iOS)";
			productReference = 4985234E282B4DDC00F2F6A9 /* ObservableDemo.app */;
			productType = "com.apple.product-type.application";
		};
		49852353282B4DDC00F2F6A9 /* ObservableDemo (macOS) */ = {
			isa = PBXNativeTarget;
			buildConfigurationList = 4985237A282B4DDC00F2F6A9 /* Build configuration list for PBXNativeTarget "ObservableDemo (macOS)" */;
			buildPhases = (
				49852350282B4DDC00F2F6A9 /* Sources */,
				49852351282B4DDC00F2F6A9 /* Frameworks */,
				49852352282B4DDC00F2F6A9 /* Resources */,
			);
			buildRules = (
			);
			dependencies = (
			);
			name = "ObservableDemo (macOS)";
			productName = "ObservableDemo (macOS)";
			productReference = 49852354282B4DDC00F2F6A9 /* ObservableDemo.app */;
			productType = "com.apple.product-type.application";
		};
		4985235A282B4DDC00F2F6A9 /* Tests iOS */ = {
			isa = PBXNativeTarget;
			buildConfigurationList = 4985237D282B4DDC00F2F6A9 /* Build configuration list for PBXNativeTarget "Tests iOS" */;
			buildPhases = (
				49852357282B4DDC00F2F6A9 /* Sources */,
				49852358282B4DDC00F2F6A9 /* Frameworks */,
				49852359282B4DDC00F2F6A9 /* Resources */,
			);
			buildRules = (
			);
			dependencies = (
				4985235D282B4DDC00F2F6A9 /* PBXTargetDependency */,
			);
			name = "Tests iOS";
			productName = "Tests iOS";
			productReference = 4985235B282B4DDC00F2F6A9 /* Tests iOS.xctest */;
			productType = "com.apple.product-type.bundle.ui-testing";
		};
		49852366282B4DDC00F2F6A9 /* Tests macOS */ = {
			isa = PBXNativeTarget;
			buildConfigurationList = 49852380282B4DDC00F2F6A9 /* Build configuration list for PBXNativeTarget "Tests macOS" */;
			buildPhases = (
				49852363282B4DDC00F2F6A9 /* Sources */,
				49852364282B4DDC00F2F6A9 /* Frameworks */,
				49852365282B4DDC00F2F6A9 /* Resources */,
			);
			buildRules = (
			);
			dependencies = (
				49852369282B4DDC00F2F6A9 /* PBXTargetDependency */,
			);
			name = "Tests macOS";
			productName = "Tests macOS";
			productReference = 49852367282B4DDC00F2F6A9 /* Tests macOS.xctest */;
			productType = "com.apple.product-type.bundle.ui-testing";
		};
/* End PBXNativeTarget section */

/* Begin PBXProject section */
		49852342282B4DDB00F2F6A9 /* Project object */ = {
			isa = PBXProject;
			attributes = {
				BuildIndependentTargetsInParallel = 1;
				LastSwiftUpdateCheck = 1330;
				LastUpgradeCheck = 1330;
				TargetAttributes = {
					4985234D282B4DDC00F2F6A9 = {
						CreatedOnToolsVersion = 13.3;
					};
					49852353282B4DDC00F2F6A9 = {
						CreatedOnToolsVersion = 13.3;
					};
					4985235A282B4DDC00F2F6A9 = {
						CreatedOnToolsVersion = 13.3;
						TestTargetID = 4985234D282B4DDC00F2F6A9;
					};
					49852366282B4DDC00F2F6A9 = {
						CreatedOnToolsVersion = 13.3;
						TestTargetID = 49852353282B4DDC00F2F6A9;
					};
				};
			};
			buildConfigurationList = 49852345282B4DDB00F2F6A9 /* Build configuration list for PBXProject "ObservableDemo" */;
			compatibilityVersion = "Xcode 13.0";
			developmentRegion = en;
			hasScannedForEncodings = 0;
			knownRegions = (
				en,
				Base,
			);
			mainGroup = 49852341282B4DDB00F2F6A9;
			productRefGroup = 4985234F282B4DDC00F2F6A9 /* Products */;
			projectDirPath = "";
			projectRoot = "";
			targets = (
				4985234D282B4DDC00F2F6A9 /* ObservableDemo (iOS) */,
				49852353282B4DDC00F2F6A9 /* ObservableDemo (macOS) */,
				4985235A282B4DDC00F2F6A9 /* Tests iOS */,
				49852366282B4DDC00F2F6A9 /* Tests macOS */,
			);
		};
/* End PBXProject section */

/* Begin PBXResourcesBuildPhase section */
		4985234C282B4DDC00F2F6A9 /* Resources */ = {
			isa = PBXResourcesBuildPhase;
			buildActionMask = 2147483647;
			files = (
				49852373282B4DDC00F2F6A9 /* Assets.xcassets in Resources */,
			);
			runOnlyForDeploymentPostprocessing = 0;
		};
		49852352282B4DDC00F2F6A9 /* Resources */ = {
			isa = PBXResourcesBuildPhase;
			buildActionMask = 2147483647;
			files = (
				49852374282B4DDC00F2F6A9 /* Assets.xcassets in Resources */,
			);
			runOnlyForDeploymentPostprocessing = 0;
		};
		49852359282B4DDC00F2F6A9 /* Resources */ = {
			isa = PBXResourcesBuildPhase;
			buildActionMask = 2147483647;
			files = (
			);
			runOnlyForDeploymentPostprocessing = 0;
		};
		49852365282B4DDC00F2F6A9 /* Resources */ = {
			isa = PBXResourcesBuildPhase;
			buildActionMask = 2147483647;
			files = (
			);
			runOnlyForDeploymentPostprocessing = 0;
		};
/* End PBXResourcesBuildPhase section */

/* Begin PBXSourcesBuildPhase section */
		4985234A282B4DDC00F2F6A9 /* Sources */ = {
			isa = PBXSourcesBuildPhase;
			buildActionMask = 2147483647;
			files = (
				49852371282B4DDC00F2F6A9 /* ContentView.swift in Sources */,
				4985236F282B4DDC00F2F6A9 /* ObservableDemoApp.swift in Sources */,
				49590B46282B54CF005E5258 /* SecondView.swift in Sources */,
				49590B43282B5135005E5258 /* TimerData.swift in Sources */,
			);
			runOnlyForDeploymentPostprocessing = 0;
		};
		49852350282B4DDC00F2F6A9 /* Sources */ = {
			isa = PBXSourcesBuildPhase;
			buildActionMask = 2147483647;
			files = (
				49852372282B4DDC00F2F6A9 /* ContentView.swift in Sources */,
				49852370282B4DDC00F2F6A9 /* ObservableDemoApp.swift in Sources */,
				49590B47282B54CF005E5258 /* SecondView.swift in Sources */,
				49590B44282B5135005E5258 /* TimerData.swift in Sources */,
			);
			runOnlyForDeploymentPostprocessing = 0;
		};
		49852357282B4DDC00F2F6A9 /* Sources */ = {
			isa = PBXSourcesBuildPhase;
			buildActionMask = 2147483647;
			files = (
				49852362282B4DDC00F2F6A9 /* Tests_iOSLaunchTests.swift in Sources */,
				49852360282B4DDC00F2F6A9 /* Tests_iOS.swift in Sources */,
			);
			runOnlyForDeploymentPostprocessing = 0;
		};
		49852363282B4DDC00F2F6A9 /* Sources */ = {
			isa = PBXSourcesBuildPhase;
			buildActionMask = 2147483647;
			files = (
				4985236E282B4DDC00F2F6A9 /* Tests_macOSLaunchTests.swift in Sources */,
				4985236C282B4DDC00F2F6A9 /* Tests_macOS.swift in Sources */,
			);
			runOnlyForDeploymentPostprocessing = 0;
		};
/* End PBXSourcesBuildPhase section */

/* Begin PBXTargetDependency section */
		4985235D282B4DDC00F2F6A9 /* PBXTargetDependency */ = {
			isa = PBXTargetDependency;
			target = 4985234D282B4DDC00F2F6A9 /* ObservableDemo (iOS) */;
			targetProxy = 4985235C282B4DDC00F2F6A9 /* PBXContainerItemProxy */;
		};
		49852369282B4DDC00F2F6A9 /* PBXTargetDependency */ = {
			isa = PBXTargetDependency;
			target = 49852353282B4DDC00F2F6A9 /* ObservableDemo (macOS) */;
			targetProxy = 49852368282B4DDC00F2F6A9 /* PBXContainerItemProxy */;
		};
/* End PBXTargetDependency section */

/* Begin XCBuildConfiguration section */
		49852375282B4DDC00F2F6A9 /* Debug */ = {
			isa = XCBuildConfiguration;
			buildSettings = {
				ALWAYS_SEARCH_USER_PATHS = NO;
				CLANG_ANALYZER_NONNULL = YES;
				CLANG_ANALYZER_NUMBER_OBJECT_CONVERSION = YES_AGGRESSIVE;
				CLANG_CXX_LANGUAGE_STANDARD = "gnu++17";
				CLANG_ENABLE_MODULES = YES;
				CLANG_ENABLE_OBJC_ARC = YES;
				CLANG_ENABLE_OBJC_WEAK = YES;
				CLANG_WARN_BLOCK_CAPTURE_AUTORELEASING = YES;
				CLANG_WARN_BOOL_CONVERSION = YES;
				CLANG_WARN_COMMA = YES;
				CLANG_WARN_CONSTANT_CONVERSION = YES;
				CLANG_WARN_DEPRECATED_OBJC_IMPLEMENTATIONS = YES;
				CLANG_WARN_DIRECT_OBJC_ISA_USAGE = YES_ERROR;
				CLANG_WARN_DOCUMENTATION_COMMENTS = YES;
				CLANG_WARN_EMPTY_BODY = YES;
				CLANG_WARN_ENUM_CONVERSION = YES;
				CLANG_WARN_INFINITE_RECURSION = YES;
				CLANG_WARN_INT_CONVERSION = YES;
				CLANG_WARN_NON_LITERAL_NULL_CONVERSION = YES;
				CLANG_WARN_OBJC_IMPLICIT_RETAIN_SELF = YES;
				CLANG_WARN_OBJC_LITERAL_CONVERSION = YES;
				CLANG_WARN_OBJC_ROOT_CLASS = YES_ERROR;
				CLANG_WARN_QUOTED_INCLUDE_IN_FRAMEWORK_HEADER = YES;
				CLANG_WARN_RANGE_LOOP_ANALYSIS = YES;
				CLANG_WARN_STRICT_PROTOTYPES = YES;
				CLANG_WARN_SUSPICIOUS_MOVE = YES;
				CLANG_WARN_UNGUARDED_AVAILABILITY = YES_AGGRESSIVE;
				CLANG_WARN_UNREACHABLE_CODE = YES;
				CLANG_WARN__DUPLICATE_METHOD_MATCH = YES;
				COPY_PHASE_STRIP = NO;
				DEBUG_INFORMATION_FORMAT = dwarf;
				ENABLE_STRICT_OBJC_MSGSEND = YES;
				ENABLE_TESTABILITY = YES;
				GCC_C_LANGUAGE_STANDARD = gnu11;
				GCC_DYNAMIC_NO_PIC = NO;
				GCC_NO_COMMON_BLOCKS = YES;
				GCC_OPTIMIZATION_LEVEL = 0;
				GCC_PREPROCESSOR_DEFINITIONS = (
					"DEBUG=1",
					"$(inherited)",
				);
				GCC_WARN_64_TO_32_BIT_CONVERSION = YES;
				GCC_WARN_ABOUT_RETURN_TYPE = YES_ERROR;
				GCC_WARN_UNDECLARED_SELECTOR = YES;
				GCC_WARN_UNINITIALIZED_AUTOS = YES_AGGRESSIVE;
				GCC_WARN_UNUSED_FUNCTION = YES;
				GCC_WARN_UNUSED_VARIABLE = YES;
				MTL_ENABLE_DEBUG_INFO = INCLUDE_SOURCE;
				MTL_FAST_MATH = YES;
				ONLY_ACTIVE_ARCH = YES;
				SWIFT_ACTIVE_COMPILATION_CONDITIONS = DEBUG;
				SWIFT_OPTIMIZATION_LEVEL = "-Onone";
			};
			name = Debug;
		};
		49852376282B4DDC00F2F6A9 /* Release */ = {
			isa = XCBuildConfiguration;
			buildSettings = {
				ALWAYS_SEARCH_USER_PATHS = NO;
				CLANG_ANALYZER_NONNULL = YES;
				CLANG_ANALYZER_NUMBER_OBJECT_CONVERSION = YES_AGGRESSIVE;
				CLANG_CXX_LANGUAGE_STANDARD = "gnu++17";
				CLANG_ENABLE_MODULES = YES;
				CLANG_ENABLE_OBJC_ARC = YES;
				CLANG_ENABLE_OBJC_WEAK = YES;
				CLANG_WARN_BLOCK_CAPTURE_AUTORELEASING = YES;
				CLANG_WARN_BOOL_CONVERSION = YES;
				CLANG_WARN_COMMA = YES;
				CLANG_WARN_CONSTANT_CONVERSION = YES;
				CLANG_WARN_DEPRECATED_OBJC_IMPLEMENTATIONS = YES;
				CLANG_WARN_DIRECT_OBJC_ISA_USAGE = YES_ERROR;
				CLANG_WARN_DOCUMENTATION_COMMENTS = YES;
				CLANG_WARN_EMPTY_BODY = YES;
				CLANG_WARN_ENUM_CONVERSION = YES;
				CLANG_WARN_INFINITE_RECURSION = YES;
				CLANG_WARN_INT_CONVERSION = YES;
				CLANG_WARN_NON_LITERAL_NULL_CONVERSION = YES;
				CLANG_WARN_OBJC_IMPLICIT_RETAIN_SELF = YES;
				CLANG_WARN_OBJC_LITERAL_CONVERSION = YES;
				CLANG_WARN_OBJC_ROOT_CLASS = YES_ERROR;
				CLANG_WARN_QUOTED_INCLUDE_IN_FRAMEWORK_HEADER = YES;
				CLANG_WARN_RANGE_LOOP_ANALYSIS = YES;
				CLANG_WARN_STRICT_PROTOTYPES = YES;
				CLANG_WARN_SUSPICIOUS_MOVE = YES;
				CLANG_WARN_UNGUARDED_AVAILABILITY = YES_AGGRESSIVE;
				CLANG_WARN_UNREACHABLE_CODE = YES;
				CLANG_WARN__DUPLICATE_METHOD_MATCH = YES;
				COPY_PHASE_STRIP = NO;
				DEBUG_INFORMATION_FORMAT = "dwarf-with-dsym";
				ENABLE_NS_ASSERTIONS = NO;
				ENABLE_STRICT_OBJC_MSGSEND = YES;
				GCC_C_LANGUAGE_STANDARD = gnu11;
				GCC_NO_COMMON_BLOCKS = YES;
				GCC_WARN_64_TO_32_BIT_CONVERSION = YES;
				GCC_WARN_ABOUT_RETURN_TYPE = YES_ERROR;
				GCC_WARN_UNDECLARED_SELECTOR = YES;
				GCC_WARN_UNINITIALIZED_AUTOS = YES_AGGRESSIVE;
				GCC_WARN_UNUSED_FUNCTION = YES;
				GCC_WARN_UNUSED_VARIABLE = YES;
				MTL_ENABLE_DEBUG_INFO = NO;
				MTL_FAST_MATH = YES;
				SWIFT_COMPILATION_MODE = wholemodule;
				SWIFT_OPTIMIZATION_LEVEL = "-O";
			};
			name = Release;
		};
		49852378282B4DDC00F2F6A9 /* Debug */ = {
			isa = XCBuildConfiguration;
			buildSettings = {
				ASSETCATALOG_COMPILER_APPICON_NAME = AppIcon;
				ASSETCATALOG_COMPILER_GLOBAL_ACCENT_COLOR_NAME = AccentColor;
				CODE_SIGN_STYLE = Automatic;
				CURRENT_PROJECT_VERSION = 1;
				ENABLE_PREVIEWS = YES;
				GENERATE_INFOPLIST_FILE = YES;
				INFOPLIST_KEY_UIApplicationSceneManifest_Generation = YES;
				INFOPLIST_KEY_UIApplicationSupportsIndirectInputEvents = YES;
				INFOPLIST_KEY_UILaunchScreen_Generation = YES;
				INFOPLIST_KEY_UISupportedInterfaceOrientations_iPad = "UIInterfaceOrientationPortrait UIInterfaceOrientationPortraitUpsideDown UIInterfaceOrientationLandscapeLeft UIInterfaceOrientationLandscapeRight";
				INFOPLIST_KEY_UISupportedInterfaceOrientations_iPhone = "UIInterfaceOrientationPortrait UIInterfaceOrientationLandscapeLeft UIInterfaceOrientationLandscapeRight";
				IPHONEOS_DEPLOYMENT_TARGET = 15.4;
				LD_RUNPATH_SEARCH_PATHS = (
					"$(inherited)",
					"@executable_path/Frameworks",
				);
				MARKETING_VERSION = 1.0;
				PRODUCT_BUNDLE_IDENTIFIER = jp.jh.ObservableDemo;
				PRODUCT_NAME = ObservableDemo;
				SDKROOT = iphoneos;
				SWIFT_EMIT_LOC_STRINGS = YES;
				SWIFT_VERSION = 5.0;
				TARGETED_DEVICE_FAMILY = "1,2";
			};
			name = Debug;
		};
		49852379282B4DDC00F2F6A9 /* Release */ = {
			isa = XCBuildConfiguration;
			buildSettings = {
				ASSETCATALOG_COMPILER_APPICON_NAME = AppIcon;
				ASSETCATALOG_COMPILER_GLOBAL_ACCENT_COLOR_NAME = AccentColor;
				CODE_SIGN_STYLE = Automatic;
				CURRENT_PROJECT_VERSION = 1;
				ENABLE_PREVIEWS = YES;
				GENERATE_INFOPLIST_FILE = YES;
				INFOPLIST_KEY_UIApplicationSceneManifest_Generation = YES;
				INFOPLIST_KEY_UIApplicationSupportsIndirectInputEvents = YES;
				INFOPLIST_KEY_UILaunchScreen_Generation = YES;
				INFOPLIST_KEY_UISupportedInterfaceOrientations_iPad = "UIInterfaceOrientationPortrait UIInterfaceOrientationPortraitUpsideDown UIInterfaceOrientationLandscapeLeft UIInterfaceOrientationLandscapeRight";
				INFOPLIST_KEY_UISupportedInterfaceOrientations_iPhone = "UIInterfaceOrientationPortrait UIInterfaceOrientationLandscapeLeft UIInterfaceOrientationLandscapeRight";
				IPHONEOS_DEPLOYMENT_TARGET = 15.4;
				LD_RUNPATH_SEARCH_PATHS = (
					"$(inherited)",
					"@executable_path/Frameworks",
				);
				MARKETING_VERSION = 1.0;
				PRODUCT_BUNDLE_IDENTIFIER = jp.jh.ObservableDemo;
				PRODUCT_NAME = ObservableDemo;
				SDKROOT = iphoneos;
				SWIFT_EMIT_LOC_STRINGS = YES;
				SWIFT_VERSION = 5.0;
				TARGETED_DEVICE_FAMILY = "1,2";
				VALIDATE_PRODUCT = YES;
			};
			name = Release;
		};
		4985237B282B4DDC00F2F6A9 /* Debug */ = {
			isa = XCBuildConfiguration;
			buildSettings = {
				ASSETCATALOG_COMPILER_APPICON_NAME = AppIcon;
				ASSETCATALOG_COMPILER_GLOBAL_ACCENT_COLOR_NAME = AccentColor;
				CODE_SIGN_ENTITLEMENTS = macOS/macOS.entitlements;
				CODE_SIGN_STYLE = Automatic;
				COMBINE_HIDPI_IMAGES = YES;
				CURRENT_PROJECT_VERSION = 1;
				ENABLE_PREVIEWS = YES;
				GENERATE_INFOPLIST_FILE = YES;
				INFOPLIST_KEY_NSHumanReadableCopyright = "";
				LD_RUNPATH_SEARCH_PATHS = (
					"$(inherited)",
					"@executable_path/../Frameworks",
				);
				MACOSX_DEPLOYMENT_TARGET = 12.3;
				MARKETING_VERSION = 1.0;
				PRODUCT_BUNDLE_IDENTIFIER = jp.jh.ObservableDemo;
				PRODUCT_NAME = ObservableDemo;
				SDKROOT = macosx;
				SWIFT_EMIT_LOC_STRINGS = YES;
				SWIFT_VERSION = 5.0;
			};
			name = Debug;
		};
		4985237C282B4DDC00F2F6A9 /* Release */ = {
			isa = XCBuildConfiguration;
			buildSettings = {
				ASSETCATALOG_COMPILER_APPICON_NAME = AppIcon;
				ASSETCATALOG_COMPILER_GLOBAL_ACCENT_COLOR_NAME = AccentColor;
				CODE_SIGN_ENTITLEMENTS = macOS/macOS.entitlements;
				CODE_SIGN_STYLE = Automatic;
				COMBINE_HIDPI_IMAGES = YES;
				CURRENT_PROJECT_VERSION = 1;
				ENABLE_PREVIEWS = YES;
				GENERATE_INFOPLIST_FILE = YES;
				INFOPLIST_KEY_NSHumanReadableCopyright = "";
				LD_RUNPATH_SEARCH_PATHS = (
					"$(inherited)",
					"@executable_path/../Frameworks",
				);
				MACOSX_DEPLOYMENT_TARGET = 12.3;
				MARKETING_VERSION = 1.0;
				PRODUCT_BUNDLE_IDENTIFIER = jp.jh.ObservableDemo;
				PRODUCT_NAME = ObservableDemo;
				SDKROOT = macosx;
				SWIFT_EMIT_LOC_STRINGS = YES;
				SWIFT_VERSION = 5.0;
			};
			name = Release;
		};
		4985237E282B4DDC00F2F6A9 /* Debug */ = {
			isa = XCBuildConfiguration;
			buildSettings = {
				ALWAYS_EMBED_SWIFT_STANDARD_LIBRARIES = YES;
				CODE_SIGN_STYLE = Automatic;
				CURRENT_PROJECT_VERSION = 1;
				GENERATE_INFOPLIST_FILE = YES;
				IPHONEOS_DEPLOYMENT_TARGET = 15.4;
				MARKETING_VERSION = 1.0;
				PRODUCT_BUNDLE_IDENTIFIER = "jp.jh.Tests-iOS";
				PRODUCT_NAME = "$(TARGET_NAME)";
				SDKROOT = iphoneos;
				SWIFT_EMIT_LOC_STRINGS = NO;
				SWIFT_VERSION = 5.0;
				TARGETED_DEVICE_FAMILY = "1,2";
				TEST_TARGET_NAME = "ObservableDemo (iOS)";
			};
			name = Debug;
		};
		4985237F282B4DDC00F2F6A9 /* Release */ = {
			isa = XCBuildConfiguration;
			buildSettings = {
				ALWAYS_EMBED_SWIFT_STANDARD_LIBRARIES = YES;
				CODE_SIGN_STYLE = Automatic;
				CURRENT_PROJECT_VERSION = 1;
				GENERATE_INFOPLIST_FILE = YES;
				IPHONEOS_DEPLOYMENT_TARGET = 15.4;
				MARKETING_VERSION = 1.0;
				PRODUCT_BUNDLE_IDENTIFIER = "jp.jh.Tests-iOS";
				PRODUCT_NAME = "$(TARGET_NAME)";
				SDKROOT = iphoneos;
				SWIFT_EMIT_LOC_STRINGS = NO;
				SWIFT_VERSION = 5.0;
				TARGETED_DEVICE_FAMILY = "1,2";
				TEST_TARGET_NAME = "ObservableDemo (iOS)";
				VALIDATE_PRODUCT = YES;
			};
			name = Release;
		};
		49852381282B4DDC00F2F6A9 /* Debug */ = {
			isa = XCBuildConfiguration;
			buildSettings = {
				ALWAYS_EMBED_SWIFT_STANDARD_LIBRARIES = YES;
				CODE_SIGN_STYLE = Automatic;
				CURRENT_PROJECT_VERSION = 1;
				GENERATE_INFOPLIST_FILE = YES;
				MACOSX_DEPLOYMENT_TARGET = 12.3;
				MARKETING_VERSION = 1.0;
				PRODUCT_BUNDLE_IDENTIFIER = "jp.jh.Tests-macOS";
				PRODUCT_NAME = "$(TARGET_NAME)";
				SDKROOT = macosx;
				SWIFT_EMIT_LOC_STRINGS = NO;
				SWIFT_VERSION = 5.0;
				TEST_TARGET_NAME = "ObservableDemo (macOS)";
			};
			name = Debug;
		};
		49852382282B4DDC00F2F6A9 /* Release */ = {
			isa = XCBuildConfiguration;
			buildSettings = {
				ALWAYS_EMBED_SWIFT_STANDARD_LIBRARIES = YES;
				CODE_SIGN_STYLE = Automatic;
				CURRENT_PROJECT_VERSION = 1;
				GENERATE_INFOPLIST_FILE = YES;
				MACOSX_DEPLOYMENT_TARGET = 12.3;
				MARKETING_VERSION = 1.0;
				PRODUCT_BUNDLE_IDENTIFIER = "jp.jh.Tests-macOS";
				PRODUCT_NAME = "$(TARGET_NAME)";
				SDKROOT = macosx;
				SWIFT_EMIT_LOC_STRINGS = NO;
				SWIFT_VERSION = 5.0;
				TEST_TARGET_NAME = "ObservableDemo (macOS)";
			};
			name = Release;
		};
/* End XCBuildConfiguration section */

/* Begin XCConfigurationList section */
		49852345282B4DDB00F2F6A9 /* Build configuration list for PBXProject "ObservableDemo" */ = {
			isa = XCConfigurationList;
			buildConfigurations = (
				49852375282B4DDC00F2F6A9 /* Debug */,
				49852376282B4DDC00F2F6A9 /* Release */,
			);
			defaultConfigurationIsVisible = 0;
			defaultConfigurationName = Release;
		};
		49852377282B4DDC00F2F6A9 /* Build configuration list for PBXNativeTarget "ObservableDemo (iOS)" */ = {
			isa = XCConfigurationList;
			buildConfigurations = (
				49852378282B4DDC00F2F6A9 /* Debug */,
				49852379282B4DDC00F2F6A9 /* Release */,
			);
			defaultConfigurationIsVisible = 0;
			defaultConfigurationName = Release;
		};
		4985237A282B4DDC00F2F6A9 /* Build configuration list for PBXNativeTarget "ObservableDemo (macOS)" */ = {
			isa = XCConfigurationList;
			buildConfigurations = (
				4985237B282B4DDC00F2F6A9 /* Debug */,
				4985237C282B4DDC00F2F6A9 /* Release */,
			);
			defaultConfigurationIsVisible = 0;
			defaultConfigurationName = Release;
		};
		4985237D282B4DDC00F2F6A9 /* Build configuration list for PBXNativeTarget "Tests iOS" */ = {
			isa = XCConfigurationList;
			buildConfigurations = (
				4985237E282B4DDC00F2F6A9 /* Debug */,
				4985237F282B4DDC00F2F6A9 /* Release */,
			);
			defaultConfigurationIsVisible = 0;
			defaultConfigurationName = Release;
		};
		49852380282B4DDC00F2F6A9 /* Build configuration list for PBXNativeTarget "Tests macOS" */ = {
			isa = XCConfigurationList;
			buildConfigurations = (
				49852381282B4DDC00F2F6A9 /* Debug */,
				49852382282B4DDC00F2F6A9 /* Release */,
			);
			defaultConfigurationIsVisible = 0;
			defaultConfigurationName = Release;
		};
/* End XCConfigurationList section */
	};
	rootObject = 49852342282B4DDB00F2F6A9 /* Project object */;
}
