// !$*UTF8*$!
{
	archiveVersion = 1;
	classes = {
	};
	objectVersion = 55;
	objects = {

/* Begin PBXBuildFile section */
		49E587A62833AF2200CCCC34 /* Tests_iOS.swift in Sources */ = {isa = PBXBuildFile; fileRef = 49E587A52833AF2200CCCC34 /* Tests_iOS.swift */; };
		49E587A82833AF2200CCCC34 /* Tests_iOSLaunchTests.swift in Sources */ = {isa = PBXBuildFile; fileRef = 49E587A72833AF2200CCCC34 /* Tests_iOSLaunchTests.swift */; };
		49E587B22833AF2200CCCC34 /* Tests_macOS.swift in Sources */ = {isa = PBXBuildFile; fileRef = 49E587B12833AF2200CCCC34 /* Tests_macOS.swift */; };
		49E587B42833AF2200CCCC34 /* Tests_macOSLaunchTests.swift in Sources */ = {isa = PBXBuildFile; fileRef = 49E587B32833AF2200CCCC34 /* Tests_macOSLaunchTests.swift */; };
		49E587B52833AF2200CCCC34 /* DocDemoApp.swift in Sources */ = {isa = PBXBuildFile; fileRef = 49E587892833AF2100CCCC34 /* DocDemoApp.swift */; };
		49E587B62833AF2200CCCC34 /* DocDemoApp.swift in Sources */ = {isa = PBXBuildFile; fileRef = 49E587892833AF2100CCCC34 /* DocDemoApp.swift */; };
		49E587B72833AF2200CCCC34 /* DocDemoDocument.swift in Sources */ = {isa = PBXBuildFile; fileRef = 49E5878A2833AF2100CCCC34 /* DocDemoDocument.swift */; };
		49E587B82833AF2200CCCC34 /* DocDemoDocument.swift in Sources */ = {isa = PBXBuildFile; fileRef = 49E5878A2833AF2100CCCC34 /* DocDemoDocument.swift */; };
		49E587B92833AF2200CCCC34 /* ContentView.swift in Sources */ = {isa = PBXBuildFile; fileRef = 49E5878B2833AF2100CCCC34 /* ContentView.swift */; };
		49E587BA2833AF2200CCCC34 /* ContentView.swift in Sources */ = {isa = PBXBuildFile; fileRef = 49E5878B2833AF2100CCCC34 /* ContentView.swift */; };
		49E587BB2833AF2200CCCC34 /* Assets.xcassets in Resources */ = {isa = PBXBuildFile; fileRef = 49E5878C2833AF2200CCCC34 /* Assets.xcassets */; };
		49E587BC2833AF2200CCCC34 /* Assets.xcassets in Resources */ = {isa = PBXBuildFile; fileRef = 49E5878C2833AF2200CCCC34 /* Assets.xcassets */; };
/* End PBXBuildFile section */

/* Begin PBXContainerItemProxy section */
		49E587A22833AF2200CCCC34 /* PBXContainerItemProxy */ = {
			isa = PBXContainerItemProxy;
			containerPortal = 49E587842833AF2000CCCC34 /* Project object */;
			proxyType = 1;
			remoteGlobalIDString = 49E587902833AF2200CCCC34;
			remoteInfo = "DocDemo (iOS)";
		};
		49E587AE2833AF2200CCCC34 /* PBXContainerItemProxy */ = {
			isa = PBXContainerItemProxy;
			containerPortal = 49E587842833AF2000CCCC34 /* Project object */;
			proxyType = 1;
			remoteGlobalIDString = 49E587982833AF2200CCCC34;
			remoteInfo = "DocDemo (macOS)";
		};
/* End PBXContainerItemProxy section */

/* Begin PBXFileReference section */
		49E587892833AF2100CCCC34 /* DocDemoApp.swift */ = {isa = PBXFileReference; lastKnownFileType = sourcecode.swift; path = DocDemoApp.swift; sourceTree = "<group>"; };
		49E5878A2833AF2100CCCC34 /* DocDemoDocument.swift */ = {isa = PBXFileReference; lastKnownFileType = sourcecode.swift; path = DocDemoDocument.swift; sourceTree = "<group>"; };
		49E5878B2833AF2100CCCC34 /* ContentView.swift */ = {isa = PBXFileReference; lastKnownFileType = sourcecode.swift; path = ContentView.swift; sourceTree = "<group>"; };
		49E5878C2833AF2200CCCC34 /* Assets.xcassets */ = {isa = PBXFileReference; lastKnownFileType = folder.assetcatalog; path = Assets.xcassets; sourceTree = "<group>"; };
		49E587912833AF2200CCCC34 /* DocDemo.app */ = {isa = PBXFileReference; explicitFileType = wrapper.application; includeInIndex = 0; path = DocDemo.app; sourceTree = BUILT_PRODUCTS_DIR; };
		49E587942833AF2200CCCC34 /* Info.plist */ = {isa = PBXFileReference; lastKnownFileType = text.plist.xml; path = Info.plist; sourceTree = "<group>"; };
		49E587992833AF2200CCCC34 /* DocDemo.app */ = {isa = PBXFileReference; explicitFileType = wrapper.application; includeInIndex = 0; path = DocDemo.app; sourceTree = BUILT_PRODUCTS_DIR; };
		49E5879B2833AF2200CCCC34 /* Info.plist */ = {isa = PBXFileReference; lastKnownFileType = text.plist.xml; path = Info.plist; sourceTree = "<group>"; };
		49E5879C2833AF2200CCCC34 /* macOS.entitlements */ = {isa = PBXFileReference; lastKnownFileType = text.plist.entitlements; path = macOS.entitlements; sourceTree = "<group>"; };
		49E587A12833AF2200CCCC34 /* Tests iOS.xctest */ = {isa = PBXFileReference; explicitFileType = wrapper.cfbundle; includeInIndex = 0; path = "Tests iOS.xctest"; sourceTree = BUILT_PRODUCTS_DIR; };
		49E587A52833AF2200CCCC34 /* Tests_iOS.swift */ = {isa = PBXFileReference; lastKnownFileType = sourcecode.swift; path = Tests_iOS.swift; sourceTree = "<group>"; };
		49E587A72833AF2200CCCC34 /* Tests_iOSLaunchTests.swift */ = {isa = PBXFileReference; lastKnownFileType = sourcecode.swift; path = Tests_iOSLaunchTests.swift; sourceTree = "<group>"; };
		49E587AD2833AF2200CCCC34 /* Tests macOS.xctest */ = {isa = PBXFileReference; explicitFileType = wrapper.cfbundle; includeInIndex = 0; path = "Tests macOS.xctest"; sourceTree = BUILT_PRODUCTS_DIR; };
		49E587B12833AF2200CCCC34 /* Tests_macOS.swift */ = {isa = PBXFileReference; lastKnownFileType = sourcecode.swift; path = Tests_macOS.swift; sourceTree = "<group>"; };
		49E587B32833AF2200CCCC34 /* Tests_macOSLaunchTests.swift */ = {isa = PBXFileReference; lastKnownFileType = sourcecode.swift; path = Tests_macOSLaunchTests.swift; sourceTree = "<group>"; };
/* End PBXFileReference section */

/* Begin PBXFrameworksBuildPhase section */
		49E5878E2833AF2200CCCC34 /* Frameworks */ = {
			isa = PBXFrameworksBuildPhase;
			buildActionMask = 2147483647;
			files = (
			);
			runOnlyForDeploymentPostprocessing = 0;
		};
		49E587962833AF2200CCCC34 /* Frameworks */ = {
			isa = PBXFrameworksBuildPhase;
			buildActionMask = 2147483647;
			files = (
			);
			runOnlyForDeploymentPostprocessing = 0;
		};
		49E5879E2833AF2200CCCC34 /* Frameworks */ = {
			isa = PBXFrameworksBuildPhase;
			buildActionMask = 2147483647;
			files = (
			);
			runOnlyForDeploymentPostprocessing = 0;
		};
		49E587AA2833AF2200CCCC34 /* Frameworks */ = {
			isa = PBXFrameworksBuildPhase;
			buildActionMask = 2147483647;
			files = (
			);
			runOnlyForDeploymentPostprocessing = 0;
		};
/* End PBXFrameworksBuildPhase section */

/* Begin PBXGroup section */
		49E587832833AF2000CCCC34 = {
			isa = PBXGroup;
			children = (
				49E587882833AF2100CCCC34 /* Shared */,
				49E587932833AF2200CCCC34 /* iOS */,
				49E5879A2833AF2200CCCC34 /* macOS */,
				49E587A42833AF2200CCCC34 /* Tests iOS */,
				49E587B02833AF2200CCCC34 /* Tests macOS */,
				49E587922833AF2200CCCC34 /* Products */,
			);
			sourceTree = "<group>";
		};
		49E587882833AF2100CCCC34 /* Shared */ = {
			isa = PBXGroup;
			children = (
				49E587892833AF2100CCCC34 /* DocDemoApp.swift */,
				49E5878A2833AF2100CCCC34 /* DocDemoDocument.swift */,
				49E5878B2833AF2100CCCC34 /* ContentView.swift */,
				49E5878C2833AF2200CCCC34 /* Assets.xcassets */,
			);
			path = Shared;
			sourceTree = "<group>";
		};
		49E587922833AF2200CCCC34 /* Products */ = {
			isa = PBXGroup;
			children = (
				49E587912833AF2200CCCC34 /* DocDemo.app */,
				49E587992833AF2200CCCC34 /* DocDemo.app */,
				49E587A12833AF2200CCCC34 /* Tests iOS.xctest */,
				49E587AD2833AF2200CCCC34 /* Tests macOS.xctest */,
			);
			name = Products;
			sourceTree = "<group>";
		};
		49E587932833AF2200CCCC34 /* iOS */ = {
			isa = PBXGroup;
			children = (
				49E587942833AF2200CCCC34 /* Info.plist */,
			);
			path = iOS;
			sourceTree = "<group>";
		};
		49E5879A2833AF2200CCCC34 /* macOS */ = {
			isa = PBXGroup;
			children = (
				49E5879B2833AF2200CCCC34 /* Info.plist */,
				49E5879C2833AF2200CCCC34 /* macOS.entitlements */,
			);
			path = macOS;
			sourceTree = "<group>";
		};
		49E587A42833AF2200CCCC34 /* Tests iOS */ = {
			isa = PBXGroup;
			children = (
				49E587A52833AF2200CCCC34 /* Tests_iOS.swift */,
				49E587A72833AF2200CCCC34 /* Tests_iOSLaunchTests.swift */,
			);
			path = "Tests iOS";
			sourceTree = "<group>";
		};
		49E587B02833AF2200CCCC34 /* Tests macOS */ = {
			isa = PBXGroup;
			children = (
				49E587B12833AF2200CCCC34 /* Tests_macOS.swift */,
				49E587B32833AF2200CCCC34 /* Tests_macOSLaunchTests.swift */,
			);
			path = "Tests macOS";
			sourceTree = "<group>";
		};
/* End PBXGroup section */

/* Begin PBXNativeTarget section */
		49E587902833AF2200CCCC34 /* DocDemo (iOS) */ = {
			isa = PBXNativeTarget;
			buildConfigurationList = 49E587BF2833AF2200CCCC34 /* Build configuration list for PBXNativeTarget "DocDemo (iOS)" */;
			buildPhases = (
				49E5878D2833AF2200CCCC34 /* Sources */,
				49E5878E2833AF2200CCCC34 /* Frameworks */,
				49E5878F2833AF2200CCCC34 /* Resources */,
			);
			buildRules = (
			);
			dependencies = (
			);
			name = "DocDemo (iOS)";
			productName = "DocDemo (iOS)";
			productReference = 49E587912833AF2200CCCC34 /* DocDemo.app */;
			productType = "com.apple.product-type.application";
		};
		49E587982833AF2200CCCC34 /* DocDemo (macOS) */ = {
			isa = PBXNativeTarget;
			buildConfigurationList = 49E587C22833AF2200CCCC34 /* Build configuration list for PBXNativeTarget "DocDemo (macOS)" */;
			buildPhases = (
				49E587952833AF2200CCCC34 /* Sources */,
				49E587962833AF2200CCCC34 /* Frameworks */,
				49E587972833AF2200CCCC34 /* Resources */,
			);
			buildRules = (
			);
			dependencies = (
			);
			name = "DocDemo (macOS)";
			productName = "DocDemo (macOS)";
			productReference = 49E587992833AF2200CCCC34 /* DocDemo.app */;
			productType = "com.apple.product-type.application";
		};
		49E587A02833AF2200CCCC34 /* Tests iOS */ = {
			isa = PBXNativeTarget;
			buildConfigurationList = 49E587C52833AF2200CCCC34 /* Build configuration list for PBXNativeTarget "Tests iOS" */;
			buildPhases = (
				49E5879D2833AF2200CCCC34 /* Sources */,
				49E5879E2833AF2200CCCC34 /* Frameworks */,
				49E5879F2833AF2200CCCC34 /* Resources */,
			);
			buildRules = (
			);
			dependencies = (
				49E587A32833AF2200CCCC34 /* PBXTargetDependency */,
			);
			name = "Tests iOS";
			productName = "Tests iOS";
			productReference = 49E587A12833AF2200CCCC34 /* Tests iOS.xctest */;
			productType = "com.apple.product-type.bundle.ui-testing";
		};
		49E587AC2833AF2200CCCC34 /* Tests macOS */ = {
			isa = PBXNativeTarget;
			buildConfigurationList = 49E587C82833AF2200CCCC34 /* Build configuration list for PBXNativeTarget "Tests macOS" */;
			buildPhases = (
				49E587A92833AF2200CCCC34 /* Sources */,
				49E587AA2833AF2200CCCC34 /* Frameworks */,
				49E587AB2833AF2200CCCC34 /* Resources */,
			);
			buildRules = (
			);
			dependencies = (
				49E587AF2833AF2200CCCC34 /* PBXTargetDependency */,
			);
			name = "Tests macOS";
			productName = "Tests macOS";
			productReference = 49E587AD2833AF2200CCCC34 /* Tests macOS.xctest */;
			productType = "com.apple.product-type.bundle.ui-testing";
		};
/* End PBXNativeTarget section */

/* Begin PBXProject section */
		49E587842833AF2000CCCC34 /* Project object */ = {
			isa = PBXProject;
			attributes = {
				BuildIndependentTargetsInParallel = 1;
				LastSwiftUpdateCheck = 1330;
				LastUpgradeCheck = 1330;
				TargetAttributes = {
					49E587902833AF2200CCCC34 = {
						CreatedOnToolsVersion = 13.3;
					};
					49E587982833AF2200CCCC34 = {
						CreatedOnToolsVersion = 13.3;
					};
					49E587A02833AF2200CCCC34 = {
						CreatedOnToolsVersion = 13.3;
						TestTargetID = 49E587902833AF2200CCCC34;
					};
					49E587AC2833AF2200CCCC34 = {
						CreatedOnToolsVersion = 13.3;
						TestTargetID = 49E587982833AF2200CCCC34;
					};
				};
			};
			buildConfigurationList = 49E587872833AF2000CCCC34 /* Build configuration list for PBXProject "DocDemo" */;
			compatibilityVersion = "Xcode 13.0";
			developmentRegion = en;
			hasScannedForEncodings = 0;
			knownRegions = (
				en,
				Base,
			);
			mainGroup = 49E587832833AF2000CCCC34;
			productRefGroup = 49E587922833AF2200CCCC34 /* Products */;
			projectDirPath = "";
			projectRoot = "";
			targets = (
				49E587902833AF2200CCCC34 /* DocDemo (iOS) */,
				49E587982833AF2200CCCC34 /* DocDemo (macOS) */,
				49E587A02833AF2200CCCC34 /* Tests iOS */,
				49E587AC2833AF2200CCCC34 /* Tests macOS */,
			);
		};
/* End PBXProject section */

/* Begin PBXResourcesBuildPhase section */
		49E5878F2833AF2200CCCC34 /* Resources */ = {
			isa = PBXResourcesBuildPhase;
			buildActionMask = 2147483647;
			files = (
				49E587BB2833AF2200CCCC34 /* Assets.xcassets in Resources */,
			);
			runOnlyForDeploymentPostprocessing = 0;
		};
		49E587972833AF2200CCCC34 /* Resources */ = {
			isa = PBXResourcesBuildPhase;
			buildActionMask = 2147483647;
			files = (
				49E587BC2833AF2200CCCC34 /* Assets.xcassets in Resources */,
			);
			runOnlyForDeploymentPostprocessing = 0;
		};
		49E5879F2833AF2200CCCC34 /* Resources */ = {
			isa = PBXResourcesBuildPhase;
			buildActionMask = 2147483647;
			files = (
			);
			runOnlyForDeploymentPostprocessing = 0;
		};
		49E587AB2833AF2200CCCC34 /* Resources */ = {
			isa = PBXResourcesBuildPhase;
			buildActionMask = 2147483647;
			files = (
			);
			runOnlyForDeploymentPostprocessing = 0;
		};
/* End PBXResourcesBuildPhase section */

/* Begin PBXSourcesBuildPhase section */
		49E5878D2833AF2200CCCC34 /* Sources */ = {
			isa = PBXSourcesBuildPhase;
			buildActionMask = 2147483647;
			files = (
				49E587B72833AF2200CCCC34 /* DocDemoDocument.swift in Sources */,
				49E587B52833AF2200CCCC34 /* DocDemoApp.swift in Sources */,
				49E587B92833AF2200CCCC34 /* ContentView.swift in Sources */,
			);
			runOnlyForDeploymentPostprocessing = 0;
		};
		49E587952833AF2200CCCC34 /* Sources */ = {
			isa = PBXSourcesBuildPhase;
			buildActionMask = 2147483647;
			files = (
				49E587B82833AF2200CCCC34 /* DocDemoDocument.swift in Sources */,
				49E587B62833AF2200CCCC34 /* DocDemoApp.swift in Sources */,
				49E587BA2833AF2200CCCC34 /* ContentView.swift in Sources */,
			);
			runOnlyForDeploymentPostprocessing = 0;
		};
		49E5879D2833AF2200CCCC34 /* Sources */ = {
			isa = PBXSourcesBuildPhase;
			buildActionMask = 2147483647;
			files = (
				49E587A82833AF2200CCCC34 /* Tests_iOSLaunchTests.swift in Sources */,
				49E587A62833AF2200CCCC34 /* Tests_iOS.swift in Sources */,
			);
			runOnlyForDeploymentPostprocessing = 0;
		};
		49E587A92833AF2200CCCC34 /* Sources */ = {
			isa = PBXSourcesBuildPhase;
			buildActionMask = 2147483647;
			files = (
				49E587B42833AF2200CCCC34 /* Tests_macOSLaunchTests.swift in Sources */,
				49E587B22833AF2200CCCC34 /* Tests_macOS.swift in Sources */,
			);
			runOnlyForDeploymentPostprocessing = 0;
		};
/* End PBXSourcesBuildPhase section */

/* Begin PBXTargetDependency section */
		49E587A32833AF2200CCCC34 /* PBXTargetDependency */ = {
			isa = PBXTargetDependency;
			target = 49E587902833AF2200CCCC34 /* DocDemo (iOS) */;
			targetProxy = 49E587A22833AF2200CCCC34 /* PBXContainerItemProxy */;
		};
		49E587AF2833AF2200CCCC34 /* PBXTargetDependency */ = {
			isa = PBXTargetDependency;
			target = 49E587982833AF2200CCCC34 /* DocDemo (macOS) */;
			targetProxy = 49E587AE2833AF2200CCCC34 /* PBXContainerItemProxy */;
		};
/* End PBXTargetDependency section */

/* Begin XCBuildConfiguration section */
		49E587BD2833AF2200CCCC34 /* Debug */ = {
			isa = XCBuildConfiguration;
			buildSettings = {
				ALWAYS_SEARCH_USER_PATHS = NO;
				CLANG_ANALYZER_NONNULL = YES;
				CLANG_ANALYZER_NUMBER_OBJECT_CONVERSION = YES_AGGRESSIVE;
				CLANG_CXX_LANGUAGE_STANDARD = "gnu++17";
				CLANG_ENABLE_MODULES = YES;
				CLANG_ENABLE_OBJC_ARC = YES;
				CLANG_ENABLE_OBJC_WEAK = YES;
				CLANG_WARN_BLOCK_CAPTURE_AUTORELEASING = YES;
				CLANG_WARN_BOOL_CONVERSION = YES;
				CLANG_WARN_COMMA = YES;
				CLANG_WARN_CONSTANT_CONVERSION = YES;
				CLANG_WARN_DEPRECATED_OBJC_IMPLEMENTATIONS = YES;
				CLANG_WARN_DIRECT_OBJC_ISA_USAGE = YES_ERROR;
				CLANG_WARN_DOCUMENTATION_COMMENTS = YES;
				CLANG_WARN_EMPTY_BODY = YES;
				CLANG_WARN_ENUM_CONVERSION = YES;
				CLANG_WARN_INFINITE_RECURSION = YES;
				CLANG_WARN_INT_CONVERSION = YES;
				CLANG_WARN_NON_LITERAL_NULL_CONVERSION = YES;
				CLANG_WARN_OBJC_IMPLICIT_RETAIN_SELF = YES;
				CLANG_WARN_OBJC_LITERAL_CONVERSION = YES;
				CLANG_WARN_OBJC_ROOT_CLASS = YES_ERROR;
				CLANG_WARN_QUOTED_INCLUDE_IN_FRAMEWORK_HEADER = YES;
				CLANG_WARN_RANGE_LOOP_ANALYSIS = YES;
				CLANG_WARN_STRICT_PROTOTYPES = YES;
				CLANG_WARN_SUSPICIOUS_MOVE = YES;
				CLANG_WARN_UNGUARDED_AVAILABILITY = YES_AGGRESSIVE;
				CLANG_WARN_UNREACHABLE_CODE = YES;
				CLANG_WARN__DUPLICATE_METHOD_MATCH = YES;
				COPY_PHASE_STRIP = NO;
				DEBUG_INFORMATION_FORMAT = dwarf;
				ENABLE_STRICT_OBJC_MSGSEND = YES;
				ENABLE_TESTABILITY = YES;
				GCC_C_LANGUAGE_STANDARD = gnu11;
				GCC_DYNAMIC_NO_PIC = NO;
				GCC_NO_COMMON_BLOCKS = YES;
				GCC_OPTIMIZATION_LEVEL = 0;
				GCC_PREPROCESSOR_DEFINITIONS = (
					"DEBUG=1",
					"$(inherited)",
				);
				GCC_WARN_64_TO_32_BIT_CONVERSION = YES;
				GCC_WARN_ABOUT_RETURN_TYPE = YES_ERROR;
				GCC_WARN_UNDECLARED_SELECTOR = YES;
				GCC_WARN_UNINITIALIZED_AUTOS = YES_AGGRESSIVE;
				GCC_WARN_UNUSED_FUNCTION = YES;
				GCC_WARN_UNUSED_VARIABLE = YES;
				MTL_ENABLE_DEBUG_INFO = INCLUDE_SOURCE;
				MTL_FAST_MATH = YES;
				ONLY_ACTIVE_ARCH = YES;
				SWIFT_ACTIVE_COMPILATION_CONDITIONS = DEBUG;
				SWIFT_OPTIMIZATION_LEVEL = "-Onone";
			};
			name = Debug;
		};
		49E587BE2833AF2200CCCC34 /* Release */ = {
			isa = XCBuildConfiguration;
			buildSettings = {
				ALWAYS_SEARCH_USER_PATHS = NO;
				CLANG_ANALYZER_NONNULL = YES;
				CLANG_ANALYZER_NUMBER_OBJECT_CONVERSION = YES_AGGRESSIVE;
				CLANG_CXX_LANGUAGE_STANDARD = "gnu++17";
				CLANG_ENABLE_MODULES = YES;
				CLANG_ENABLE_OBJC_ARC = YES;
				CLANG_ENABLE_OBJC_WEAK = YES;
				CLANG_WARN_BLOCK_CAPTURE_AUTORELEASING = YES;
				CLANG_WARN_BOOL_CONVERSION = YES;
				CLANG_WARN_COMMA = YES;
				CLANG_WARN_CONSTANT_CONVERSION = YES;
				CLANG_WARN_DEPRECATED_OBJC_IMPLEMENTATIONS = YES;
				CLANG_WARN_DIRECT_OBJC_ISA_USAGE = YES_ERROR;
				CLANG_WARN_DOCUMENTATION_COMMENTS = YES;
				CLANG_WARN_EMPTY_BODY = YES;
				CLANG_WARN_ENUM_CONVERSION = YES;
				CLANG_WARN_INFINITE_RECURSION = YES;
				CLANG_WARN_INT_CONVERSION = YES;
				CLANG_WARN_NON_LITERAL_NULL_CONVERSION = YES;
				CLANG_WARN_OBJC_IMPLICIT_RETAIN_SELF = YES;
				CLANG_WARN_OBJC_LITERAL_CONVERSION = YES;
				CLANG_WARN_OBJC_ROOT_CLASS = YES_ERROR;
				CLANG_WARN_QUOTED_INCLUDE_IN_FRAMEWORK_HEADER = YES;
				CLANG_WARN_RANGE_LOOP_ANALYSIS = YES;
				CLANG_WARN_STRICT_PROTOTYPES = YES;
				CLANG_WARN_SUSPICIOUS_MOVE = YES;
				CLANG_WARN_UNGUARDED_AVAILABILITY = YES_AGGRESSIVE;
				CLANG_WARN_UNREACHABLE_CODE = YES;
				CLANG_WARN__DUPLICATE_METHOD_MATCH = YES;
				COPY_PHASE_STRIP = NO;
				DEBUG_INFORMATION_FORMAT = "dwarf-with-dsym";
				ENABLE_NS_ASSERTIONS = NO;
				ENABLE_STRICT_OBJC_MSGSEND = YES;
				GCC_C_LANGUAGE_STANDARD = gnu11;
				GCC_NO_COMMON_BLOCKS = YES;
				GCC_WARN_64_TO_32_BIT_CONVERSION = YES;
				GCC_WARN_ABOUT_RETURN_TYPE = YES_ERROR;
				GCC_WARN_UNDECLARED_SELECTOR = YES;
				GCC_WARN_UNINITIALIZED_AUTOS = YES_AGGRESSIVE;
				GCC_WARN_UNUSED_FUNCTION = YES;
				GCC_WARN_UNUSED_VARIABLE = YES;
				MTL_ENABLE_DEBUG_INFO = NO;
				MTL_FAST_MATH = YES;
				SWIFT_COMPILATION_MODE = wholemodule;
				SWIFT_OPTIMIZATION_LEVEL = "-O";
			};
			name = Release;
		};
		49E587C02833AF2200CCCC34 /* Debug */ = {
			isa = XCBuildConfiguration;
			buildSettings = {
				ASSETCATALOG_COMPILER_APPICON_NAME = AppIcon;
				ASSETCATALOG_COMPILER_GLOBAL_ACCENT_COLOR_NAME = AccentColor;
				CODE_SIGN_STYLE = Automatic;
				CURRENT_PROJECT_VERSION = 1;
				ENABLE_PREVIEWS = YES;
				GENERATE_INFOPLIST_FILE = YES;
				INFOPLIST_FILE = iOS/Info.plist;
				INFOPLIST_KEY_LSSupportsOpeningDocumentsInPlace = YES;
				INFOPLIST_KEY_UIApplicationSceneManifest_Generation = YES;
				INFOPLIST_KEY_UIApplicationSupportsIndirectInputEvents = YES;
				INFOPLIST_KEY_UILaunchScreen_Generation = YES;
				INFOPLIST_KEY_UISupportedInterfaceOrientations_iPad = "UIInterfaceOrientationPortrait UIInterfaceOrientationPortraitUpsideDown UIInterfaceOrientationLandscapeLeft UIInterfaceOrientationLandscapeRight";
				INFOPLIST_KEY_UISupportedInterfaceOrientations_iPhone = "UIInterfaceOrientationPortrait UIInterfaceOrientationLandscapeLeft UIInterfaceOrientationLandscapeRight";
				INFOPLIST_KEY_UISupportsDocumentBrowser = YES;
				IPHONEOS_DEPLOYMENT_TARGET = 15.4;
				LD_RUNPATH_SEARCH_PATHS = (
					"$(inherited)",
					"@executable_path/Frameworks",
				);
				MARKETING_VERSION = 1.0;
				PRODUCT_BUNDLE_IDENTIFIER = jp.jh.DocDemo;
				PRODUCT_NAME = DocDemo;
				SDKROOT = iphoneos;
				SWIFT_EMIT_LOC_STRINGS = YES;
				SWIFT_VERSION = 5.0;
				TARGETED_DEVICE_FAMILY = "1,2";
			};
			name = Debug;
		};
		49E587C12833AF2200CCCC34 /* Release */ = {
			isa = XCBuildConfiguration;
			buildSettings = {
				ASSETCATALOG_COMPILER_APPICON_NAME = AppIcon;
				ASSETCATALOG_COMPILER_GLOBAL_ACCENT_COLOR_NAME = AccentColor;
				CODE_SIGN_STYLE = Automatic;
				CURRENT_PROJECT_VERSION = 1;
				ENABLE_PREVIEWS = YES;
				GENERATE_INFOPLIST_FILE = YES;
				INFOPLIST_FILE = iOS/Info.plist;
				INFOPLIST_KEY_LSSupportsOpeningDocumentsInPlace = YES;
				INFOPLIST_KEY_UIApplicationSceneManifest_Generation = YES;
				INFOPLIST_KEY_UIApplicationSupportsIndirectInputEvents = YES;
				INFOPLIST_KEY_UILaunchScreen_Generation = YES;
				INFOPLIST_KEY_UISupportedInterfaceOrientations_iPad = "UIInterfaceOrientationPortrait UIInterfaceOrientationPortraitUpsideDown UIInterfaceOrientationLandscapeLeft UIInterfaceOrientationLandscapeRight";
				INFOPLIST_KEY_UISupportedInterfaceOrientations_iPhone = "UIInterfaceOrientationPortrait UIInterfaceOrientationLandscapeLeft UIInterfaceOrientationLandscapeRight";
				INFOPLIST_KEY_UISupportsDocumentBrowser = YES;
				IPHONEOS_DEPLOYMENT_TARGET = 15.4;
				LD_RUNPATH_SEARCH_PATHS = (
					"$(inherited)",
					"@executable_path/Frameworks",
				);
				MARKETING_VERSION = 1.0;
				PRODUCT_BUNDLE_IDENTIFIER = jp.jh.DocDemo;
				PRODUCT_NAME = DocDemo;
				SDKROOT = iphoneos;
				SWIFT_EMIT_LOC_STRINGS = YES;
				SWIFT_VERSION = 5.0;
				TARGETED_DEVICE_FAMILY = "1,2";
				VALIDATE_PRODUCT = YES;
			};
			name = Release;
		};
		49E587C32833AF2200CCCC34 /* Debug */ = {
			isa = XCBuildConfiguration;
			buildSettings = {
				ASSETCATALOG_COMPILER_APPICON_NAME = AppIcon;
				ASSETCATALOG_COMPILER_GLOBAL_ACCENT_COLOR_NAME = AccentColor;
				CODE_SIGN_ENTITLEMENTS = macOS/macOS.entitlements;
				CODE_SIGN_STYLE = Automatic;
				COMBINE_HIDPI_IMAGES = YES;
				CURRENT_PROJECT_VERSION = 1;
				ENABLE_PREVIEWS = YES;
				GENERATE_INFOPLIST_FILE = YES;
				INFOPLIST_FILE = macOS/Info.plist;
				INFOPLIST_KEY_NSHumanReadableCopyright = "";
				LD_RUNPATH_SEARCH_PATHS = (
					"$(inherited)",
					"@executable_path/../Frameworks",
				);
				MACOSX_DEPLOYMENT_TARGET = 12.3;
				MARKETING_VERSION = 1.0;
				PRODUCT_BUNDLE_IDENTIFIER = jp.jh.DocDemo;
				PRODUCT_NAME = DocDemo;
				SDKROOT = macosx;
				SWIFT_EMIT_LOC_STRINGS = YES;
				SWIFT_VERSION = 5.0;
			};
			name = Debug;
		};
		49E587C42833AF2200CCCC34 /* Release */ = {
			isa = XCBuildConfiguration;
			buildSettings = {
				ASSETCATALOG_COMPILER_APPICON_NAME = AppIcon;
				ASSETCATALOG_COMPILER_GLOBAL_ACCENT_COLOR_NAME = AccentColor;
				CODE_SIGN_ENTITLEMENTS = macOS/macOS.entitlements;
				CODE_SIGN_STYLE = Automatic;
				COMBINE_HIDPI_IMAGES = YES;
				CURRENT_PROJECT_VERSION = 1;
				ENABLE_PREVIEWS = YES;
				GENERATE_INFOPLIST_FILE = YES;
				INFOPLIST_FILE = macOS/Info.plist;
				INFOPLIST_KEY_NSHumanReadableCopyright = "";
				LD_RUNPATH_SEARCH_PATHS = (
					"$(inherited)",
					"@executable_path/../Frameworks",
				);
				MACOSX_DEPLOYMENT_TARGET = 12.3;
				MARKETING_VERSION = 1.0;
				PRODUCT_BUNDLE_IDENTIFIER = jp.jh.DocDemo;
				PRODUCT_NAME = DocDemo;
				SDKROOT = macosx;
				SWIFT_EMIT_LOC_STRINGS = YES;
				SWIFT_VERSION = 5.0;
			};
			name = Release;
		};
		49E587C62833AF2200CCCC34 /* Debug */ = {
			isa = XCBuildConfiguration;
			buildSettings = {
				ALWAYS_EMBED_SWIFT_STANDARD_LIBRARIES = YES;
				CODE_SIGN_STYLE = Automatic;
				CURRENT_PROJECT_VERSION = 1;
				GENERATE_INFOPLIST_FILE = YES;
				IPHONEOS_DEPLOYMENT_TARGET = 15.4;
				MARKETING_VERSION = 1.0;
				PRODUCT_BUNDLE_IDENTIFIER = "jp.jh.Tests-iOS";
				PRODUCT_NAME = "$(TARGET_NAME)";
				SDKROOT = iphoneos;
				SWIFT_EMIT_LOC_STRINGS = NO;
				SWIFT_VERSION = 5.0;
				TARGETED_DEVICE_FAMILY = "1,2";
				TEST_TARGET_NAME = "DocDemo (iOS)";
			};
			name = Debug;
		};
		49E587C72833AF2200CCCC34 /* Release */ = {
			isa = XCBuildConfiguration;
			buildSettings = {
				ALWAYS_EMBED_SWIFT_STANDARD_LIBRARIES = YES;
				CODE_SIGN_STYLE = Automatic;
				CURRENT_PROJECT_VERSION = 1;
				GENERATE_INFOPLIST_FILE = YES;
				IPHONEOS_DEPLOYMENT_TARGET = 15.4;
				MARKETING_VERSION = 1.0;
				PRODUCT_BUNDLE_IDENTIFIER = "jp.jh.Tests-iOS";
				PRODUCT_NAME = "$(TARGET_NAME)";
				SDKROOT = iphoneos;
				SWIFT_EMIT_LOC_STRINGS = NO;
				SWIFT_VERSION = 5.0;
				TARGETED_DEVICE_FAMILY = "1,2";
				TEST_TARGET_NAME = "DocDemo (iOS)";
				VALIDATE_PRODUCT = YES;
			};
			name = Release;
		};
		49E587C92833AF2200CCCC34 /* Debug */ = {
			isa = XCBuildConfiguration;
			buildSettings = {
				ALWAYS_EMBED_SWIFT_STANDARD_LIBRARIES = YES;
				CODE_SIGN_STYLE = Automatic;
				CURRENT_PROJECT_VERSION = 1;
				GENERATE_INFOPLIST_FILE = YES;
				MACOSX_DEPLOYMENT_TARGET = 12.3;
				MARKETING_VERSION = 1.0;
				PRODUCT_BUNDLE_IDENTIFIER = "jp.jh.Tests-macOS";
				PRODUCT_NAME = "$(TARGET_NAME)";
				SDKROOT = macosx;
				SWIFT_EMIT_LOC_STRINGS = NO;
				SWIFT_VERSION = 5.0;
				TEST_TARGET_NAME = "DocDemo (macOS)";
			};
			name = Debug;
		};
		49E587CA2833AF2200CCCC34 /* Release */ = {
			isa = XCBuildConfiguration;
			buildSettings = {
				ALWAYS_EMBED_SWIFT_STANDARD_LIBRARIES = YES;
				CODE_SIGN_STYLE = Automatic;
				CURRENT_PROJECT_VERSION = 1;
				GENERATE_INFOPLIST_FILE = YES;
				MACOSX_DEPLOYMENT_TARGET = 12.3;
				MARKETING_VERSION = 1.0;
				PRODUCT_BUNDLE_IDENTIFIER = "jp.jh.Tests-macOS";
				PRODUCT_NAME = "$(TARGET_NAME)";
				SDKROOT = macosx;
				SWIFT_EMIT_LOC_STRINGS = NO;
				SWIFT_VERSION = 5.0;
				TEST_TARGET_NAME = "DocDemo (macOS)";
			};
			name = Release;
		};
/* End XCBuildConfiguration section */

/* Begin XCConfigurationList section */
		49E587872833AF2000CCCC34 /* Build configuration list for PBXProject "DocDemo" */ = {
			isa = XCConfigurationList;
			buildConfigurations = (
				49E587BD2833AF2200CCCC34 /* Debug */,
				49E587BE2833AF2200CCCC34 /* Release */,
			);
			defaultConfigurationIsVisible = 0;
			defaultConfigurationName = Release;
		};
		49E587BF2833AF2200CCCC34 /* Build configuration list for PBXNativeTarget "DocDemo (iOS)" */ = {
			isa = XCConfigurationList;
			buildConfigurations = (
				49E587C02833AF2200CCCC34 /* Debug */,
				49E587C12833AF2200CCCC34 /* Release */,
			);
			defaultConfigurationIsVisible = 0;
			defaultConfigurationName = Release;
		};
		49E587C22833AF2200CCCC34 /* Build configuration list for PBXNativeTarget "DocDemo (macOS)" */ = {
			isa = XCConfigurationList;
			buildConfigurations = (
				49E587C32833AF2200CCCC34 /* Debug */,
				49E587C42833AF2200CCCC34 /* Release */,
			);
			defaultConfigurationIsVisible = 0;
			defaultConfigurationName = Release;
		};
		49E587C52833AF2200CCCC34 /* Build configuration list for PBXNativeTarget "Tests iOS" */ = {
			isa = XCConfigurationList;
			buildConfigurations = (
				49E587C62833AF2200CCCC34 /* Debug */,
				49E587C72833AF2200CCCC34 /* Release */,
			);
			defaultConfigurationIsVisible = 0;
			defaultConfigurationName = Release;
		};
		49E587C82833AF2200CCCC34 /* Build configuration list for PBXNativeTarget "Tests macOS" */ = {
			isa = XCConfigurationList;
			buildConfigurations = (
				49E587C92833AF2200CCCC34 /* Debug */,
				49E587CA2833AF2200CCCC34 /* Release */,
			);
			defaultConfigurationIsVisible = 0;
			defaultConfigurationName = Release;
		};
/* End XCConfigurationList section */
	};
	rootObject = 49E587842833AF2000CCCC34 /* Project object */;
}
