// !$*UTF8*$!
{
	archiveVersion = 1;
	classes = {
	};
	objectVersion = 55;
	objects = {

/* Begin PBXBuildFile section */
		49CFC9852831EB45002FD8FF /* Tests_iOS.swift in Sources */ = {isa = PBXBuildFile; fileRef = 49CFC9842831EB45002FD8FF /* Tests_iOS.swift */; };
		49CFC9872831EB45002FD8FF /* Tests_iOSLaunchTests.swift in Sources */ = {isa = PBXBuildFile; fileRef = 49CFC9862831EB45002FD8FF /* Tests_iOSLaunchTests.swift */; };
		49CFC9912831EB45002FD8FF /* Tests_macOS.swift in Sources */ = {isa = PBXBuildFile; fileRef = 49CFC9902831EB45002FD8FF /* Tests_macOS.swift */; };
		49CFC9932831EB45002FD8FF /* Tests_macOSLaunchTests.swift in Sources */ = {isa = PBXBuildFile; fileRef = 49CFC9922831EB45002FD8FF /* Tests_macOSLaunchTests.swift */; };
		49CFC9942831EB45002FD8FF /* DrawDemoApp.swift in Sources */ = {isa = PBXBuildFile; fileRef = 49CFC96C2831EB43002FD8FF /* DrawDemoApp.swift */; };
		49CFC9952831EB45002FD8FF /* DrawDemoApp.swift in Sources */ = {isa = PBXBuildFile; fileRef = 49CFC96C2831EB43002FD8FF /* DrawDemoApp.swift */; };
		49CFC9962831EB45002FD8FF /* ContentView.swift in Sources */ = {isa = PBXBuildFile; fileRef = 49CFC96D2831EB43002FD8FF /* ContentView.swift */; };
		49CFC9972831EB45002FD8FF /* ContentView.swift in Sources */ = {isa = PBXBuildFile; fileRef = 49CFC96D2831EB43002FD8FF /* ContentView.swift */; };
		49CFC9982831EB45002FD8FF /* Assets.xcassets in Resources */ = {isa = PBXBuildFile; fileRef = 49CFC96E2831EB45002FD8FF /* Assets.xcassets */; };
		49CFC9992831EB45002FD8FF /* Assets.xcassets in Resources */ = {isa = PBXBuildFile; fileRef = 49CFC96E2831EB45002FD8FF /* Assets.xcassets */; };
/* End PBXBuildFile section */

/* Begin PBXContainerItemProxy section */
		49CFC9812831EB45002FD8FF /* PBXContainerItemProxy */ = {
			isa = PBXContainerItemProxy;
			containerPortal = 49CFC9672831EB43002FD8FF /* Project object */;
			proxyType = 1;
			remoteGlobalIDString = 49CFC9722831EB45002FD8FF;
			remoteInfo = "DrawDemo (iOS)";
		};
		49CFC98D2831EB45002FD8FF /* PBXContainerItemProxy */ = {
			isa = PBXContainerItemProxy;
			containerPortal = 49CFC9672831EB43002FD8FF /* Project object */;
			proxyType = 1;
			remoteGlobalIDString = 49CFC9782831EB45002FD8FF;
			remoteInfo = "DrawDemo (macOS)";
		};
/* End PBXContainerItemProxy section */

/* Begin PBXFileReference section */
		49CFC96C2831EB43002FD8FF /* DrawDemoApp.swift */ = {isa = PBXFileReference; lastKnownFileType = sourcecode.swift; path = DrawDemoApp.swift; sourceTree = "<group>"; };
		49CFC96D2831EB43002FD8FF /* ContentView.swift */ = {isa = PBXFileReference; lastKnownFileType = sourcecode.swift; path = ContentView.swift; sourceTree = "<group>"; };
		49CFC96E2831EB45002FD8FF /* Assets.xcassets */ = {isa = PBXFileReference; lastKnownFileType = folder.assetcatalog; path = Assets.xcassets; sourceTree = "<group>"; };
		49CFC9732831EB45002FD8FF /* DrawDemo.app */ = {isa = PBXFileReference; explicitFileType = wrapper.application; includeInIndex = 0; path = DrawDemo.app; sourceTree = BUILT_PRODUCTS_DIR; };
		49CFC9792831EB45002FD8FF /* DrawDemo.app */ = {isa = PBXFileReference; explicitFileType = wrapper.application; includeInIndex = 0; path = DrawDemo.app; sourceTree = BUILT_PRODUCTS_DIR; };
		49CFC97B2831EB45002FD8FF /* macOS.entitlements */ = {isa = PBXFileReference; lastKnownFileType = text.plist.entitlements; path = macOS.entitlements; sourceTree = "<group>"; };
		49CFC9802831EB45002FD8FF /* Tests iOS.xctest */ = {isa = PBXFileReference; explicitFileType = wrapper.cfbundle; includeInIndex = 0; path = "Tests iOS.xctest"; sourceTree = BUILT_PRODUCTS_DIR; };
		49CFC9842831EB45002FD8FF /* Tests_iOS.swift */ = {isa = PBXFileReference; lastKnownFileType = sourcecode.swift; path = Tests_iOS.swift; sourceTree = "<group>"; };
		49CFC9862831EB45002FD8FF /* Tests_iOSLaunchTests.swift */ = {isa = PBXFileReference; lastKnownFileType = sourcecode.swift; path = Tests_iOSLaunchTests.swift; sourceTree = "<group>"; };
		49CFC98C2831EB45002FD8FF /* Tests macOS.xctest */ = {isa = PBXFileReference; explicitFileType = wrapper.cfbundle; includeInIndex = 0; path = "Tests macOS.xctest"; sourceTree = BUILT_PRODUCTS_DIR; };
		49CFC9902831EB45002FD8FF /* Tests_macOS.swift */ = {isa = PBXFileReference; lastKnownFileType = sourcecode.swift; path = Tests_macOS.swift; sourceTree = "<group>"; };
		49CFC9922831EB45002FD8FF /* Tests_macOSLaunchTests.swift */ = {isa = PBXFileReference; lastKnownFileType = sourcecode.swift; path = Tests_macOSLaunchTests.swift; sourceTree = "<group>"; };
/* End PBXFileReference section */

/* Begin PBXFrameworksBuildPhase section */
		49CFC9702831EB45002FD8FF /* Frameworks */ = {
			isa = PBXFrameworksBuildPhase;
			buildActionMask = 2147483647;
			files = (
			);
			runOnlyForDeploymentPostprocessing = 0;
		};
		49CFC9762831EB45002FD8FF /* Frameworks */ = {
			isa = PBXFrameworksBuildPhase;
			buildActionMask = 2147483647;
			files = (
			);
			runOnlyForDeploymentPostprocessing = 0;
		};
		49CFC97D2831EB45002FD8FF /* Frameworks */ = {
			isa = PBXFrameworksBuildPhase;
			buildActionMask = 2147483647;
			files = (
			);
			runOnlyForDeploymentPostprocessing = 0;
		};
		49CFC9892831EB45002FD8FF /* Frameworks */ = {
			isa = PBXFrameworksBuildPhase;
			buildActionMask = 2147483647;
			files = (
			);
			runOnlyForDeploymentPostprocessing = 0;
		};
/* End PBXFrameworksBuildPhase section */

/* Begin PBXGroup section */
		49CFC9662831EB43002FD8FF = {
			isa = PBXGroup;
			children = (
				49CFC96B2831EB43002FD8FF /* Shared */,
				49CFC97A2831EB45002FD8FF /* macOS */,
				49CFC9832831EB45002FD8FF /* Tests iOS */,
				49CFC98F2831EB45002FD8FF /* Tests macOS */,
				49CFC9742831EB45002FD8FF /* Products */,
			);
			sourceTree = "<group>";
		};
		49CFC96B2831EB43002FD8FF /* Shared */ = {
			isa = PBXGroup;
			children = (
				49CFC96C2831EB43002FD8FF /* DrawDemoApp.swift */,
				49CFC96D2831EB43002FD8FF /* ContentView.swift */,
				49CFC96E2831EB45002FD8FF /* Assets.xcassets */,
			);
			path = Shared;
			sourceTree = "<group>";
		};
		49CFC9742831EB45002FD8FF /* Products */ = {
			isa = PBXGroup;
			children = (
				49CFC9732831EB45002FD8FF /* DrawDemo.app */,
				49CFC9792831EB45002FD8FF /* DrawDemo.app */,
				49CFC9802831EB45002FD8FF /* Tests iOS.xctest */,
				49CFC98C2831EB45002FD8FF /* Tests macOS.xctest */,
			);
			name = Products;
			sourceTree = "<group>";
		};
		49CFC97A2831EB45002FD8FF /* macOS */ = {
			isa = PBXGroup;
			children = (
				49CFC97B2831EB45002FD8FF /* macOS.entitlements */,
			);
			path = macOS;
			sourceTree = "<group>";
		};
		49CFC9832831EB45002FD8FF /* Tests iOS */ = {
			isa = PBXGroup;
			children = (
				49CFC9842831EB45002FD8FF /* Tests_iOS.swift */,
				49CFC9862831EB45002FD8FF /* Tests_iOSLaunchTests.swift */,
			);
			path = "Tests iOS";
			sourceTree = "<group>";
		};
		49CFC98F2831EB45002FD8FF /* Tests macOS */ = {
			isa = PBXGroup;
			children = (
				49CFC9902831EB45002FD8FF /* Tests_macOS.swift */,
				49CFC9922831EB45002FD8FF /* Tests_macOSLaunchTests.swift */,
			);
			path = "Tests macOS";
			sourceTree = "<group>";
		};
/* End PBXGroup section */

/* Begin PBXNativeTarget section */
		49CFC9722831EB45002FD8FF /* DrawDemo (iOS) */ = {
			isa = PBXNativeTarget;
			buildConfigurationList = 49CFC99C2831EB45002FD8FF /* Build configuration list for PBXNativeTarget "DrawDemo (iOS)" */;
			buildPhases = (
				49CFC96F2831EB45002FD8FF /* Sources */,
				49CFC9702831EB45002FD8FF /* Frameworks */,
				49CFC9712831EB45002FD8FF /* Resources */,
			);
			buildRules = (
			);
			dependencies = (
			);
			name = "DrawDemo (iOS)";
			productName = "DrawDemo (iOS)";
			productReference = 49CFC9732831EB45002FD8FF /* DrawDemo.app */;
			productType = "com.apple.product-type.application";
		};
		49CFC9782831EB45002FD8FF /* DrawDemo (macOS) */ = {
			isa = PBXNativeTarget;
			buildConfigurationList = 49CFC99F2831EB45002FD8FF /* Build configuration list for PBXNativeTarget "DrawDemo (macOS)" */;
			buildPhases = (
				49CFC9752831EB45002FD8FF /* Sources */,
				49CFC9762831EB45002FD8FF /* Frameworks */,
				49CFC9772831EB45002FD8FF /* Resources */,
			);
			buildRules = (
			);
			dependencies = (
			);
			name = "DrawDemo (macOS)";
			productName = "DrawDemo (macOS)";
			productReference = 49CFC9792831EB45002FD8FF /* DrawDemo.app */;
			productType = "com.apple.product-type.application";
		};
		49CFC97F2831EB45002FD8FF /* Tests iOS */ = {
			isa = PBXNativeTarget;
			buildConfigurationList = 49CFC9A22831EB45002FD8FF /* Build configuration list for PBXNativeTarget "Tests iOS" */;
			buildPhases = (
				49CFC97C2831EB45002FD8FF /* Sources */,
				49CFC97D2831EB45002FD8FF /* Frameworks */,
				49CFC97E2831EB45002FD8FF /* Resources */,
			);
			buildRules = (
			);
			dependencies = (
				49CFC9822831EB45002FD8FF /* PBXTargetDependency */,
			);
			name = "Tests iOS";
			productName = "Tests iOS";
			productReference = 49CFC9802831EB45002FD8FF /* Tests iOS.xctest */;
			productType = "com.apple.product-type.bundle.ui-testing";
		};
		49CFC98B2831EB45002FD8FF /* Tests macOS */ = {
			isa = PBXNativeTarget;
			buildConfigurationList = 49CFC9A52831EB45002FD8FF /* Build configuration list for PBXNativeTarget "Tests macOS" */;
			buildPhases = (
				49CFC9882831EB45002FD8FF /* Sources */,
				49CFC9892831EB45002FD8FF /* Frameworks */,
				49CFC98A2831EB45002FD8FF /* Resources */,
			);
			buildRules = (
			);
			dependencies = (
				49CFC98E2831EB45002FD8FF /* PBXTargetDependency */,
			);
			name = "Tests macOS";
			productName = "Tests macOS";
			productReference = 49CFC98C2831EB45002FD8FF /* Tests macOS.xctest */;
			productType = "com.apple.product-type.bundle.ui-testing";
		};
/* End PBXNativeTarget section */

/* Begin PBXProject section */
		49CFC9672831EB43002FD8FF /* Project object */ = {
			isa = PBXProject;
			attributes = {
				BuildIndependentTargetsInParallel = 1;
				LastSwiftUpdateCheck = 1330;
				LastUpgradeCheck = 1330;
				TargetAttributes = {
					49CFC9722831EB45002FD8FF = {
						CreatedOnToolsVersion = 13.3;
					};
					49CFC9782831EB45002FD8FF = {
						CreatedOnToolsVersion = 13.3;
					};
					49CFC97F2831EB45002FD8FF = {
						CreatedOnToolsVersion = 13.3;
						TestTargetID = 49CFC9722831EB45002FD8FF;
					};
					49CFC98B2831EB45002FD8FF = {
						CreatedOnToolsVersion = 13.3;
						TestTargetID = 49CFC9782831EB45002FD8FF;
					};
				};
			};
			buildConfigurationList = 49CFC96A2831EB43002FD8FF /* Build configuration list for PBXProject "DrawDemo" */;
			compatibilityVersion = "Xcode 13.0";
			developmentRegion = en;
			hasScannedForEncodings = 0;
			knownRegions = (
				en,
				Base,
			);
			mainGroup = 49CFC9662831EB43002FD8FF;
			productRefGroup = 49CFC9742831EB45002FD8FF /* Products */;
			projectDirPath = "";
			projectRoot = "";
			targets = (
				49CFC9722831EB45002FD8FF /* DrawDemo (iOS) */,
				49CFC9782831EB45002FD8FF /* DrawDemo (macOS) */,
				49CFC97F2831EB45002FD8FF /* Tests iOS */,
				49CFC98B2831EB45002FD8FF /* Tests macOS */,
			);
		};
/* End PBXProject section */

/* Begin PBXResourcesBuildPhase section */
		49CFC9712831EB45002FD8FF /* Resources */ = {
			isa = PBXResourcesBuildPhase;
			buildActionMask = 2147483647;
			files = (
				49CFC9982831EB45002FD8FF /* Assets.xcassets in Resources */,
			);
			runOnlyForDeploymentPostprocessing = 0;
		};
		49CFC9772831EB45002FD8FF /* Resources */ = {
			isa = PBXResourcesBuildPhase;
			buildActionMask = 2147483647;
			files = (
				49CFC9992831EB45002FD8FF /* Assets.xcassets in Resources */,
			);
			runOnlyForDeploymentPostprocessing = 0;
		};
		49CFC97E2831EB45002FD8FF /* Resources */ = {
			isa = PBXResourcesBuildPhase;
			buildActionMask = 2147483647;
			files = (
			);
			runOnlyForDeploymentPostprocessing = 0;
		};
		49CFC98A2831EB45002FD8FF /* Resources */ = {
			isa = PBXResourcesBuildPhase;
			buildActionMask = 2147483647;
			files = (
			);
			runOnlyForDeploymentPostprocessing = 0;
		};
/* End PBXResourcesBuildPhase section */

/* Begin PBXSourcesBuildPhase section */
		49CFC96F2831EB45002FD8FF /* Sources */ = {
			isa = PBXSourcesBuildPhase;
			buildActionMask = 2147483647;
			files = (
				49CFC9962831EB45002FD8FF /* ContentView.swift in Sources */,
				49CFC9942831EB45002FD8FF /* DrawDemoApp.swift in Sources */,
			);
			runOnlyForDeploymentPostprocessing = 0;
		};
		49CFC9752831EB45002FD8FF /* Sources */ = {
			isa = PBXSourcesBuildPhase;
			buildActionMask = 2147483647;
			files = (
				49CFC9972831EB45002FD8FF /* ContentView.swift in Sources */,
				49CFC9952831EB45002FD8FF /* DrawDemoApp.swift in Sources */,
			);
			runOnlyForDeploymentPostprocessing = 0;
		};
		49CFC97C2831EB45002FD8FF /* Sources */ = {
			isa = PBXSourcesBuildPhase;
			buildActionMask = 2147483647;
			files = (
				49CFC9872831EB45002FD8FF /* Tests_iOSLaunchTests.swift in Sources */,
				49CFC9852831EB45002FD8FF /* Tests_iOS.swift in Sources */,
			);
			runOnlyForDeploymentPostprocessing = 0;
		};
		49CFC9882831EB45002FD8FF /* Sources */ = {
			isa = PBXSourcesBuildPhase;
			buildActionMask = 2147483647;
			files = (
				49CFC9932831EB45002FD8FF /* Tests_macOSLaunchTests.swift in Sources */,
				49CFC9912831EB45002FD8FF /* Tests_macOS.swift in Sources */,
			);
			runOnlyForDeploymentPostprocessing = 0;
		};
/* End PBXSourcesBuildPhase section */

/* Begin PBXTargetDependency section */
		49CFC9822831EB45002FD8FF /* PBXTargetDependency */ = {
			isa = PBXTargetDependency;
			target = 49CFC9722831EB45002FD8FF /* DrawDemo (iOS) */;
			targetProxy = 49CFC9812831EB45002FD8FF /* PBXContainerItemProxy */;
		};
		49CFC98E2831EB45002FD8FF /* PBXTargetDependency */ = {
			isa = PBXTargetDependency;
			target = 49CFC9782831EB45002FD8FF /* DrawDemo (macOS) */;
			targetProxy = 49CFC98D2831EB45002FD8FF /* PBXContainerItemProxy */;
		};
/* End PBXTargetDependency section */

/* Begin XCBuildConfiguration section */
		49CFC99A2831EB45002FD8FF /* Debug */ = {
			isa = XCBuildConfiguration;
			buildSettings = {
				ALWAYS_SEARCH_USER_PATHS = NO;
				CLANG_ANALYZER_NONNULL = YES;
				CLANG_ANALYZER_NUMBER_OBJECT_CONVERSION = YES_AGGRESSIVE;
				CLANG_CXX_LANGUAGE_STANDARD = "gnu++17";
				CLANG_ENABLE_MODULES = YES;
				CLANG_ENABLE_OBJC_ARC = YES;
				CLANG_ENABLE_OBJC_WEAK = YES;
				CLANG_WARN_BLOCK_CAPTURE_AUTORELEASING = YES;
				CLANG_WARN_BOOL_CONVERSION = YES;
				CLANG_WARN_COMMA = YES;
				CLANG_WARN_CONSTANT_CONVERSION = YES;
				CLANG_WARN_DEPRECATED_OBJC_IMPLEMENTATIONS = YES;
				CLANG_WARN_DIRECT_OBJC_ISA_USAGE = YES_ERROR;
				CLANG_WARN_DOCUMENTATION_COMMENTS = YES;
				CLANG_WARN_EMPTY_BODY = YES;
				CLANG_WARN_ENUM_CONVERSION = YES;
				CLANG_WARN_INFINITE_RECURSION = YES;
				CLANG_WARN_INT_CONVERSION = YES;
				CLANG_WARN_NON_LITERAL_NULL_CONVERSION = YES;
				CLANG_WARN_OBJC_IMPLICIT_RETAIN_SELF = YES;
				CLANG_WARN_OBJC_LITERAL_CONVERSION = YES;
				CLANG_WARN_OBJC_ROOT_CLASS = YES_ERROR;
				CLANG_WARN_QUOTED_INCLUDE_IN_FRAMEWORK_HEADER = YES;
				CLANG_WARN_RANGE_LOOP_ANALYSIS = YES;
				CLANG_WARN_STRICT_PROTOTYPES = YES;
				CLANG_WARN_SUSPICIOUS_MOVE = YES;
				CLANG_WARN_UNGUARDED_AVAILABILITY = YES_AGGRESSIVE;
				CLANG_WARN_UNREACHABLE_CODE = YES;
				CLANG_WARN__DUPLICATE_METHOD_MATCH = YES;
				COPY_PHASE_STRIP = NO;
				DEBUG_INFORMATION_FORMAT = dwarf;
				ENABLE_STRICT_OBJC_MSGSEND = YES;
				ENABLE_TESTABILITY = YES;
				GCC_C_LANGUAGE_STANDARD = gnu11;
				GCC_DYNAMIC_NO_PIC = NO;
				GCC_NO_COMMON_BLOCKS = YES;
				GCC_OPTIMIZATION_LEVEL = 0;
				GCC_PREPROCESSOR_DEFINITIONS = (
					"DEBUG=1",
					"$(inherited)",
				);
				GCC_WARN_64_TO_32_BIT_CONVERSION = YES;
				GCC_WARN_ABOUT_RETURN_TYPE = YES_ERROR;
				GCC_WARN_UNDECLARED_SELECTOR = YES;
				GCC_WARN_UNINITIALIZED_AUTOS = YES_AGGRESSIVE;
				GCC_WARN_UNUSED_FUNCTION = YES;
				GCC_WARN_UNUSED_VARIABLE = YES;
				MTL_ENABLE_DEBUG_INFO = INCLUDE_SOURCE;
				MTL_FAST_MATH = YES;
				ONLY_ACTIVE_ARCH = YES;
				SWIFT_ACTIVE_COMPILATION_CONDITIONS = DEBUG;
				SWIFT_OPTIMIZATION_LEVEL = "-Onone";
			};
			name = Debug;
		};
		49CFC99B2831EB45002FD8FF /* Release */ = {
			isa = XCBuildConfiguration;
			buildSettings = {
				ALWAYS_SEARCH_USER_PATHS = NO;
				CLANG_ANALYZER_NONNULL = YES;
				CLANG_ANALYZER_NUMBER_OBJECT_CONVERSION = YES_AGGRESSIVE;
				CLANG_CXX_LANGUAGE_STANDARD = "gnu++17";
				CLANG_ENABLE_MODULES = YES;
				CLANG_ENABLE_OBJC_ARC = YES;
				CLANG_ENABLE_OBJC_WEAK = YES;
				CLANG_WARN_BLOCK_CAPTURE_AUTORELEASING = YES;
				CLANG_WARN_BOOL_CONVERSION = YES;
				CLANG_WARN_COMMA = YES;
				CLANG_WARN_CONSTANT_CONVERSION = YES;
				CLANG_WARN_DEPRECATED_OBJC_IMPLEMENTATIONS = YES;
				CLANG_WARN_DIRECT_OBJC_ISA_USAGE = YES_ERROR;
				CLANG_WARN_DOCUMENTATION_COMMENTS = YES;
				CLANG_WARN_EMPTY_BODY = YES;
				CLANG_WARN_ENUM_CONVERSION = YES;
				CLANG_WARN_INFINITE_RECURSION = YES;
				CLANG_WARN_INT_CONVERSION = YES;
				CLANG_WARN_NON_LITERAL_NULL_CONVERSION = YES;
				CLANG_WARN_OBJC_IMPLICIT_RETAIN_SELF = YES;
				CLANG_WARN_OBJC_LITERAL_CONVERSION = YES;
				CLANG_WARN_OBJC_ROOT_CLASS = YES_ERROR;
				CLANG_WARN_QUOTED_INCLUDE_IN_FRAMEWORK_HEADER = YES;
				CLANG_WARN_RANGE_LOOP_ANALYSIS = YES;
				CLANG_WARN_STRICT_PROTOTYPES = YES;
				CLANG_WARN_SUSPICIOUS_MOVE = YES;
				CLANG_WARN_UNGUARDED_AVAILABILITY = YES_AGGRESSIVE;
				CLANG_WARN_UNREACHABLE_CODE = YES;
				CLANG_WARN__DUPLICATE_METHOD_MATCH = YES;
				COPY_PHASE_STRIP = NO;
				DEBUG_INFORMATION_FORMAT = "dwarf-with-dsym";
				ENABLE_NS_ASSERTIONS = NO;
				ENABLE_STRICT_OBJC_MSGSEND = YES;
				GCC_C_LANGUAGE_STANDARD = gnu11;
				GCC_NO_COMMON_BLOCKS = YES;
				GCC_WARN_64_TO_32_BIT_CONVERSION = YES;
				GCC_WARN_ABOUT_RETURN_TYPE = YES_ERROR;
				GCC_WARN_UNDECLARED_SELECTOR = YES;
				GCC_WARN_UNINITIALIZED_AUTOS = YES_AGGRESSIVE;
				GCC_WARN_UNUSED_FUNCTION = YES;
				GCC_WARN_UNUSED_VARIABLE = YES;
				MTL_ENABLE_DEBUG_INFO = NO;
				MTL_FAST_MATH = YES;
				SWIFT_COMPILATION_MODE = wholemodule;
				SWIFT_OPTIMIZATION_LEVEL = "-O";
			};
			name = Release;
		};
		49CFC99D2831EB45002FD8FF /* Debug */ = {
			isa = XCBuildConfiguration;
			buildSettings = {
				ASSETCATALOG_COMPILER_APPICON_NAME = AppIcon;
				ASSETCATALOG_COMPILER_GLOBAL_ACCENT_COLOR_NAME = AccentColor;
				CODE_SIGN_STYLE = Automatic;
				CURRENT_PROJECT_VERSION = 1;
				ENABLE_PREVIEWS = YES;
				GENERATE_INFOPLIST_FILE = YES;
				INFOPLIST_KEY_UIApplicationSceneManifest_Generation = YES;
				INFOPLIST_KEY_UIApplicationSupportsIndirectInputEvents = YES;
				INFOPLIST_KEY_UILaunchScreen_Generation = YES;
				INFOPLIST_KEY_UISupportedInterfaceOrientations_iPad = "UIInterfaceOrientationPortrait UIInterfaceOrientationPortraitUpsideDown UIInterfaceOrientationLandscapeLeft UIInterfaceOrientationLandscapeRight";
				INFOPLIST_KEY_UISupportedInterfaceOrientations_iPhone = "UIInterfaceOrientationPortrait UIInterfaceOrientationLandscapeLeft UIInterfaceOrientationLandscapeRight";
				IPHONEOS_DEPLOYMENT_TARGET = 15.4;
				LD_RUNPATH_SEARCH_PATHS = (
					"$(inherited)",
					"@executable_path/Frameworks",
				);
				MARKETING_VERSION = 1.0;
				PRODUCT_BUNDLE_IDENTIFIER = jp.jh.DrawDemo;
				PRODUCT_NAME = DrawDemo;
				SDKROOT = iphoneos;
				SWIFT_EMIT_LOC_STRINGS = YES;
				SWIFT_VERSION = 5.0;
				TARGETED_DEVICE_FAMILY = "1,2";
			};
			name = Debug;
		};
		49CFC99E2831EB45002FD8FF /* Release */ = {
			isa = XCBuildConfiguration;
			buildSettings = {
				ASSETCATALOG_COMPILER_APPICON_NAME = AppIcon;
				ASSETCATALOG_COMPILER_GLOBAL_ACCENT_COLOR_NAME = AccentColor;
				CODE_SIGN_STYLE = Automatic;
				CURRENT_PROJECT_VERSION = 1;
				ENABLE_PREVIEWS = YES;
				GENERATE_INFOPLIST_FILE = YES;
				INFOPLIST_KEY_UIApplicationSceneManifest_Generation = YES;
				INFOPLIST_KEY_UIApplicationSupportsIndirectInputEvents = YES;
				INFOPLIST_KEY_UILaunchScreen_Generation = YES;
				INFOPLIST_KEY_UISupportedInterfaceOrientations_iPad = "UIInterfaceOrientationPortrait UIInterfaceOrientationPortraitUpsideDown UIInterfaceOrientationLandscapeLeft UIInterfaceOrientationLandscapeRight";
				INFOPLIST_KEY_UISupportedInterfaceOrientations_iPhone = "UIInterfaceOrientationPortrait UIInterfaceOrientationLandscapeLeft UIInterfaceOrientationLandscapeRight";
				IPHONEOS_DEPLOYMENT_TARGET = 15.4;
				LD_RUNPATH_SEARCH_PATHS = (
					"$(inherited)",
					"@executable_path/Frameworks",
				);
				MARKETING_VERSION = 1.0;
				PRODUCT_BUNDLE_IDENTIFIER = jp.jh.DrawDemo;
				PRODUCT_NAME = DrawDemo;
				SDKROOT = iphoneos;
				SWIFT_EMIT_LOC_STRINGS = YES;
				SWIFT_VERSION = 5.0;
				TARGETED_DEVICE_FAMILY = "1,2";
				VALIDATE_PRODUCT = YES;
			};
			name = Release;
		};
		49CFC9A02831EB45002FD8FF /* Debug */ = {
			isa = XCBuildConfiguration;
			buildSettings = {
				ASSETCATALOG_COMPILER_APPICON_NAME = AppIcon;
				ASSETCATALOG_COMPILER_GLOBAL_ACCENT_COLOR_NAME = AccentColor;
				CODE_SIGN_ENTITLEMENTS = macOS/macOS.entitlements;
				CODE_SIGN_STYLE = Automatic;
				COMBINE_HIDPI_IMAGES = YES;
				CURRENT_PROJECT_VERSION = 1;
				ENABLE_PREVIEWS = YES;
				GENERATE_INFOPLIST_FILE = YES;
				INFOPLIST_KEY_NSHumanReadableCopyright = "";
				LD_RUNPATH_SEARCH_PATHS = (
					"$(inherited)",
					"@executable_path/../Frameworks",
				);
				MACOSX_DEPLOYMENT_TARGET = 12.3;
				MARKETING_VERSION = 1.0;
				PRODUCT_BUNDLE_IDENTIFIER = jp.jh.DrawDemo;
				PRODUCT_NAME = DrawDemo;
				SDKROOT = macosx;
				SWIFT_EMIT_LOC_STRINGS = YES;
				SWIFT_VERSION = 5.0;
			};
			name = Debug;
		};
		49CFC9A12831EB45002FD8FF /* Release */ = {
			isa = XCBuildConfiguration;
			buildSettings = {
				ASSETCATALOG_COMPILER_APPICON_NAME = AppIcon;
				ASSETCATALOG_COMPILER_GLOBAL_ACCENT_COLOR_NAME = AccentColor;
				CODE_SIGN_ENTITLEMENTS = macOS/macOS.entitlements;
				CODE_SIGN_STYLE = Automatic;
				COMBINE_HIDPI_IMAGES = YES;
				CURRENT_PROJECT_VERSION = 1;
				ENABLE_PREVIEWS = YES;
				GENERATE_INFOPLIST_FILE = YES;
				INFOPLIST_KEY_NSHumanReadableCopyright = "";
				LD_RUNPATH_SEARCH_PATHS = (
					"$(inherited)",
					"@executable_path/../Frameworks",
				);
				MACOSX_DEPLOYMENT_TARGET = 12.3;
				MARKETING_VERSION = 1.0;
				PRODUCT_BUNDLE_IDENTIFIER = jp.jh.DrawDemo;
				PRODUCT_NAME = DrawDemo;
				SDKROOT = macosx;
				SWIFT_EMIT_LOC_STRINGS = YES;
				SWIFT_VERSION = 5.0;
			};
			name = Release;
		};
		49CFC9A32831EB45002FD8FF /* Debug */ = {
			isa = XCBuildConfiguration;
			buildSettings = {
				ALWAYS_EMBED_SWIFT_STANDARD_LIBRARIES = YES;
				CODE_SIGN_STYLE = Automatic;
				CURRENT_PROJECT_VERSION = 1;
				GENERATE_INFOPLIST_FILE = YES;
				IPHONEOS_DEPLOYMENT_TARGET = 15.4;
				MARKETING_VERSION = 1.0;
				PRODUCT_BUNDLE_IDENTIFIER = "jp.jh.Tests-iOS";
				PRODUCT_NAME = "$(TARGET_NAME)";
				SDKROOT = iphoneos;
				SWIFT_EMIT_LOC_STRINGS = NO;
				SWIFT_VERSION = 5.0;
				TARGETED_DEVICE_FAMILY = "1,2";
				TEST_TARGET_NAME = "DrawDemo (iOS)";
			};
			name = Debug;
		};
		49CFC9A42831EB45002FD8FF /* Release */ = {
			isa = XCBuildConfiguration;
			buildSettings = {
				ALWAYS_EMBED_SWIFT_STANDARD_LIBRARIES = YES;
				CODE_SIGN_STYLE = Automatic;
				CURRENT_PROJECT_VERSION = 1;
				GENERATE_INFOPLIST_FILE = YES;
				IPHONEOS_DEPLOYMENT_TARGET = 15.4;
				MARKETING_VERSION = 1.0;
				PRODUCT_BUNDLE_IDENTIFIER = "jp.jh.Tests-iOS";
				PRODUCT_NAME = "$(TARGET_NAME)";
				SDKROOT = iphoneos;
				SWIFT_EMIT_LOC_STRINGS = NO;
				SWIFT_VERSION = 5.0;
				TARGETED_DEVICE_FAMILY = "1,2";
				TEST_TARGET_NAME = "DrawDemo (iOS)";
				VALIDATE_PRODUCT = YES;
			};
			name = Release;
		};
		49CFC9A62831EB45002FD8FF /* Debug */ = {
			isa = XCBuildConfiguration;
			buildSettings = {
				ALWAYS_EMBED_SWIFT_STANDARD_LIBRARIES = YES;
				CODE_SIGN_STYLE = Automatic;
				CURRENT_PROJECT_VERSION = 1;
				GENERATE_INFOPLIST_FILE = YES;
				MACOSX_DEPLOYMENT_TARGET = 12.3;
				MARKETING_VERSION = 1.0;
				PRODUCT_BUNDLE_IDENTIFIER = "jp.jh.Tests-macOS";
				PRODUCT_NAME = "$(TARGET_NAME)";
				SDKROOT = macosx;
				SWIFT_EMIT_LOC_STRINGS = NO;
				SWIFT_VERSION = 5.0;
				TEST_TARGET_NAME = "DrawDemo (macOS)";
			};
			name = Debug;
		};
		49CFC9A72831EB45002FD8FF /* Release */ = {
			isa = XCBuildConfiguration;
			buildSettings = {
				ALWAYS_EMBED_SWIFT_STANDARD_LIBRARIES = YES;
				CODE_SIGN_STYLE = Automatic;
				CURRENT_PROJECT_VERSION = 1;
				GENERATE_INFOPLIST_FILE = YES;
				MACOSX_DEPLOYMENT_TARGET = 12.3;
				MARKETING_VERSION = 1.0;
				PRODUCT_BUNDLE_IDENTIFIER = "jp.jh.Tests-macOS";
				PRODUCT_NAME = "$(TARGET_NAME)";
				SDKROOT = macosx;
				SWIFT_EMIT_LOC_STRINGS = NO;
				SWIFT_VERSION = 5.0;
				TEST_TARGET_NAME = "DrawDemo (macOS)";
			};
			name = Release;
		};
/* End XCBuildConfiguration section */

/* Begin XCConfigurationList section */
		49CFC96A2831EB43002FD8FF /* Build configuration list for PBXProject "DrawDemo" */ = {
			isa = XCConfigurationList;
			buildConfigurations = (
				49CFC99A2831EB45002FD8FF /* Debug */,
				49CFC99B2831EB45002FD8FF /* Release */,
			);
			defaultConfigurationIsVisible = 0;
			defaultConfigurationName = Release;
		};
		49CFC99C2831EB45002FD8FF /* Build configuration list for PBXNativeTarget "DrawDemo (iOS)" */ = {
			isa = XCConfigurationList;
			buildConfigurations = (
				49CFC99D2831EB45002FD8FF /* Debug */,
				49CFC99E2831EB45002FD8FF /* Release */,
			);
			defaultConfigurationIsVisible = 0;
			defaultConfigurationName = Release;
		};
		49CFC99F2831EB45002FD8FF /* Build configuration list for PBXNativeTarget "DrawDemo (macOS)" */ = {
			isa = XCConfigurationList;
			buildConfigurations = (
				49CFC9A02831EB45002FD8FF /* Debug */,
				49CFC9A12831EB45002FD8FF /* Release */,
			);
			defaultConfigurationIsVisible = 0;
			defaultConfigurationName = Release;
		};
		49CFC9A22831EB45002FD8FF /* Build configuration list for PBXNativeTarget "Tests iOS" */ = {
			isa = XCConfigurationList;
			buildConfigurations = (
				49CFC9A32831EB45002FD8FF /* Debug */,
				49CFC9A42831EB45002FD8FF /* Release */,
			);
			defaultConfigurationIsVisible = 0;
			defaultConfigurationName = Release;
		};
		49CFC9A52831EB45002FD8FF /* Build configuration list for PBXNativeTarget "Tests macOS" */ = {
			isa = XCConfigurationList;
			buildConfigurations = (
				49CFC9A62831EB45002FD8FF /* Debug */,
				49CFC9A72831EB45002FD8FF /* Release */,
			);
			defaultConfigurationIsVisible = 0;
			defaultConfigurationName = Release;
		};
/* End XCConfigurationList section */
	};
	rootObject = 49CFC9672831EB43002FD8FF /* Project object */;
}
