// !$*UTF8*$!
{
	archiveVersion = 1;
	classes = {
	};
	objectVersion = 55;
	objects = {

/* Begin PBXBuildFile section */
		49600A50282C8DE400C2825E /* Tests_iOS.swift in Sources */ = {isa = PBXBuildFile; fileRef = 49600A4F282C8DE400C2825E /* Tests_iOS.swift */; };
		49600A52282C8DE400C2825E /* Tests_iOSLaunchTests.swift in Sources */ = {isa = PBXBuildFile; fileRef = 49600A51282C8DE400C2825E /* Tests_iOSLaunchTests.swift */; };
		49600A5C282C8DE400C2825E /* Tests_macOS.swift in Sources */ = {isa = PBXBuildFile; fileRef = 49600A5B282C8DE400C2825E /* Tests_macOS.swift */; };
		49600A5E282C8DE400C2825E /* Tests_macOSLaunchTests.swift in Sources */ = {isa = PBXBuildFile; fileRef = 49600A5D282C8DE400C2825E /* Tests_macOSLaunchTests.swift */; };
		49600A5F282C8DE400C2825E /* ToDoListDemoApp.swift in Sources */ = {isa = PBXBuildFile; fileRef = 49600A37282C8DE200C2825E /* ToDoListDemoApp.swift */; };
		49600A60282C8DE400C2825E /* ToDoListDemoApp.swift in Sources */ = {isa = PBXBuildFile; fileRef = 49600A37282C8DE200C2825E /* ToDoListDemoApp.swift */; };
		49600A61282C8DE400C2825E /* ContentView.swift in Sources */ = {isa = PBXBuildFile; fileRef = 49600A38282C8DE200C2825E /* ContentView.swift */; };
		49600A62282C8DE400C2825E /* ContentView.swift in Sources */ = {isa = PBXBuildFile; fileRef = 49600A38282C8DE200C2825E /* ContentView.swift */; };
		49600A63282C8DE400C2825E /* Assets.xcassets in Resources */ = {isa = PBXBuildFile; fileRef = 49600A39282C8DE400C2825E /* Assets.xcassets */; };
		49600A64282C8DE400C2825E /* Assets.xcassets in Resources */ = {isa = PBXBuildFile; fileRef = 49600A39282C8DE400C2825E /* Assets.xcassets */; };
/* End PBXBuildFile section */

/* Begin PBXContainerItemProxy section */
		49600A4C282C8DE400C2825E /* PBXContainerItemProxy */ = {
			isa = PBXContainerItemProxy;
			containerPortal = 49600A32282C8DE200C2825E /* Project object */;
			proxyType = 1;
			remoteGlobalIDString = 49600A3D282C8DE400C2825E;
			remoteInfo = "ToDoListDemo (iOS)";
		};
		49600A58282C8DE400C2825E /* PBXContainerItemProxy */ = {
			isa = PBXContainerItemProxy;
			containerPortal = 49600A32282C8DE200C2825E /* Project object */;
			proxyType = 1;
			remoteGlobalIDString = 49600A43282C8DE400C2825E;
			remoteInfo = "ToDoListDemo (macOS)";
		};
/* End PBXContainerItemProxy section */

/* Begin PBXFileReference section */
		49600A37282C8DE200C2825E /* ToDoListDemoApp.swift */ = {isa = PBXFileReference; lastKnownFileType = sourcecode.swift; path = ToDoListDemoApp.swift; sourceTree = "<group>"; };
		49600A38282C8DE200C2825E /* ContentView.swift */ = {isa = PBXFileReference; lastKnownFileType = sourcecode.swift; path = ContentView.swift; sourceTree = "<group>"; };
		49600A39282C8DE400C2825E /* Assets.xcassets */ = {isa = PBXFileReference; lastKnownFileType = folder.assetcatalog; path = Assets.xcassets; sourceTree = "<group>"; };
		49600A3E282C8DE400C2825E /* ToDoListDemo.app */ = {isa = PBXFileReference; explicitFileType = wrapper.application; includeInIndex = 0; path = ToDoListDemo.app; sourceTree = BUILT_PRODUCTS_DIR; };
		49600A44282C8DE400C2825E /* ToDoListDemo.app */ = {isa = PBXFileReference; explicitFileType = wrapper.application; includeInIndex = 0; path = ToDoListDemo.app; sourceTree = BUILT_PRODUCTS_DIR; };
		49600A46282C8DE400C2825E /* macOS.entitlements */ = {isa = PBXFileReference; lastKnownFileType = text.plist.entitlements; path = macOS.entitlements; sourceTree = "<group>"; };
		49600A4B282C8DE400C2825E /* Tests iOS.xctest */ = {isa = PBXFileReference; explicitFileType = wrapper.cfbundle; includeInIndex = 0; path = "Tests iOS.xctest"; sourceTree = BUILT_PRODUCTS_DIR; };
		49600A4F282C8DE400C2825E /* Tests_iOS.swift */ = {isa = PBXFileReference; lastKnownFileType = sourcecode.swift; path = Tests_iOS.swift; sourceTree = "<group>"; };
		49600A51282C8DE400C2825E /* Tests_iOSLaunchTests.swift */ = {isa = PBXFileReference; lastKnownFileType = sourcecode.swift; path = Tests_iOSLaunchTests.swift; sourceTree = "<group>"; };
		49600A57282C8DE400C2825E /* Tests macOS.xctest */ = {isa = PBXFileReference; explicitFileType = wrapper.cfbundle; includeInIndex = 0; path = "Tests macOS.xctest"; sourceTree = BUILT_PRODUCTS_DIR; };
		49600A5B282C8DE400C2825E /* Tests_macOS.swift */ = {isa = PBXFileReference; lastKnownFileType = sourcecode.swift; path = Tests_macOS.swift; sourceTree = "<group>"; };
		49600A5D282C8DE400C2825E /* Tests_macOSLaunchTests.swift */ = {isa = PBXFileReference; lastKnownFileType = sourcecode.swift; path = Tests_macOSLaunchTests.swift; sourceTree = "<group>"; };
/* End PBXFileReference section */

/* Begin PBXFrameworksBuildPhase section */
		49600A3B282C8DE400C2825E /* Frameworks */ = {
			isa = PBXFrameworksBuildPhase;
			buildActionMask = 2147483647;
			files = (
			);
			runOnlyForDeploymentPostprocessing = 0;
		};
		49600A41282C8DE400C2825E /* Frameworks */ = {
			isa = PBXFrameworksBuildPhase;
			buildActionMask = 2147483647;
			files = (
			);
			runOnlyForDeploymentPostprocessing = 0;
		};
		49600A48282C8DE400C2825E /* Frameworks */ = {
			isa = PBXFrameworksBuildPhase;
			buildActionMask = 2147483647;
			files = (
			);
			runOnlyForDeploymentPostprocessing = 0;
		};
		49600A54282C8DE400C2825E /* Frameworks */ = {
			isa = PBXFrameworksBuildPhase;
			buildActionMask = 2147483647;
			files = (
			);
			runOnlyForDeploymentPostprocessing = 0;
		};
/* End PBXFrameworksBuildPhase section */

/* Begin PBXGroup section */
		49600A31282C8DE200C2825E = {
			isa = PBXGroup;
			children = (
				49600A36282C8DE200C2825E /* Shared */,
				49600A45282C8DE400C2825E /* macOS */,
				49600A4E282C8DE400C2825E /* Tests iOS */,
				49600A5A282C8DE400C2825E /* Tests macOS */,
				49600A3F282C8DE400C2825E /* Products */,
			);
			sourceTree = "<group>";
		};
		49600A36282C8DE200C2825E /* Shared */ = {
			isa = PBXGroup;
			children = (
				49600A37282C8DE200C2825E /* ToDoListDemoApp.swift */,
				49600A38282C8DE200C2825E /* ContentView.swift */,
				49600A39282C8DE400C2825E /* Assets.xcassets */,
			);
			path = Shared;
			sourceTree = "<group>";
		};
		49600A3F282C8DE400C2825E /* Products */ = {
			isa = PBXGroup;
			children = (
				49600A3E282C8DE400C2825E /* ToDoListDemo.app */,
				49600A44282C8DE400C2825E /* ToDoListDemo.app */,
				49600A4B282C8DE400C2825E /* Tests iOS.xctest */,
				49600A57282C8DE400C2825E /* Tests macOS.xctest */,
			);
			name = Products;
			sourceTree = "<group>";
		};
		49600A45282C8DE400C2825E /* macOS */ = {
			isa = PBXGroup;
			children = (
				49600A46282C8DE400C2825E /* macOS.entitlements */,
			);
			path = macOS;
			sourceTree = "<group>";
		};
		49600A4E282C8DE400C2825E /* Tests iOS */ = {
			isa = PBXGroup;
			children = (
				49600A4F282C8DE400C2825E /* Tests_iOS.swift */,
				49600A51282C8DE400C2825E /* Tests_iOSLaunchTests.swift */,
			);
			path = "Tests iOS";
			sourceTree = "<group>";
		};
		49600A5A282C8DE400C2825E /* Tests macOS */ = {
			isa = PBXGroup;
			children = (
				49600A5B282C8DE400C2825E /* Tests_macOS.swift */,
				49600A5D282C8DE400C2825E /* Tests_macOSLaunchTests.swift */,
			);
			path = "Tests macOS";
			sourceTree = "<group>";
		};
/* End PBXGroup section */

/* Begin PBXNativeTarget section */
		49600A3D282C8DE400C2825E /* ToDoListDemo (iOS) */ = {
			isa = PBXNativeTarget;
			buildConfigurationList = 49600A67282C8DE400C2825E /* Build configuration list for PBXNativeTarget "ToDoListDemo (iOS)" */;
			buildPhases = (
				49600A3A282C8DE400C2825E /* Sources */,
				49600A3B282C8DE400C2825E /* Frameworks */,
				49600A3C282C8DE400C2825E /* Resources */,
			);
			buildRules = (
			);
			dependencies = (
			);
			name = "ToDoListDemo (iOS)";
			productName = "ToDoListDemo (iOS)";
			productReference = 49600A3E282C8DE400C2825E /* ToDoListDemo.app */;
			productType = "com.apple.product-type.application";
		};
		49600A43282C8DE400C2825E /* ToDoListDemo (macOS) */ = {
			isa = PBXNativeTarget;
			buildConfigurationList = 49600A6A282C8DE400C2825E /* Build configuration list for PBXNativeTarget "ToDoListDemo (macOS)" */;
			buildPhases = (
				49600A40282C8DE400C2825E /* Sources */,
				49600A41282C8DE400C2825E /* Frameworks */,
				49600A42282C8DE400C2825E /* Resources */,
			);
			buildRules = (
			);
			dependencies = (
			);
			name = "ToDoListDemo (macOS)";
			productName = "ToDoListDemo (macOS)";
			productReference = 49600A44282C8DE400C2825E /* ToDoListDemo.app */;
			productType = "com.apple.product-type.application";
		};
		49600A4A282C8DE400C2825E /* Tests iOS */ = {
			isa = PBXNativeTarget;
			buildConfigurationList = 49600A6D282C8DE400C2825E /* Build configuration list for PBXNativeTarget "Tests iOS" */;
			buildPhases = (
				49600A47282C8DE400C2825E /* Sources */,
				49600A48282C8DE400C2825E /* Frameworks */,
				49600A49282C8DE400C2825E /* Resources */,
			);
			buildRules = (
			);
			dependencies = (
				49600A4D282C8DE400C2825E /* PBXTargetDependency */,
			);
			name = "Tests iOS";
			productName = "Tests iOS";
			productReference = 49600A4B282C8DE400C2825E /* Tests iOS.xctest */;
			productType = "com.apple.product-type.bundle.ui-testing";
		};
		49600A56282C8DE400C2825E /* Tests macOS */ = {
			isa = PBXNativeTarget;
			buildConfigurationList = 49600A70282C8DE400C2825E /* Build configuration list for PBXNativeTarget "Tests macOS" */;
			buildPhases = (
				49600A53282C8DE400C2825E /* Sources */,
				49600A54282C8DE400C2825E /* Frameworks */,
				49600A55282C8DE400C2825E /* Resources */,
			);
			buildRules = (
			);
			dependencies = (
				49600A59282C8DE400C2825E /* PBXTargetDependency */,
			);
			name = "Tests macOS";
			productName = "Tests macOS";
			productReference = 49600A57282C8DE400C2825E /* Tests macOS.xctest */;
			productType = "com.apple.product-type.bundle.ui-testing";
		};
/* End PBXNativeTarget section */

/* Begin PBXProject section */
		49600A32282C8DE200C2825E /* Project object */ = {
			isa = PBXProject;
			attributes = {
				BuildIndependentTargetsInParallel = 1;
				LastSwiftUpdateCheck = 1330;
				LastUpgradeCheck = 1330;
				TargetAttributes = {
					49600A3D282C8DE400C2825E = {
						CreatedOnToolsVersion = 13.3;
					};
					49600A43282C8DE400C2825E = {
						CreatedOnToolsVersion = 13.3;
					};
					49600A4A282C8DE400C2825E = {
						CreatedOnToolsVersion = 13.3;
						TestTargetID = 49600A3D282C8DE400C2825E;
					};
					49600A56282C8DE400C2825E = {
						CreatedOnToolsVersion = 13.3;
						TestTargetID = 49600A43282C8DE400C2825E;
					};
				};
			};
			buildConfigurationList = 49600A35282C8DE200C2825E /* Build configuration list for PBXProject "ToDoListDemo" */;
			compatibilityVersion = "Xcode 13.0";
			developmentRegion = en;
			hasScannedForEncodings = 0;
			knownRegions = (
				en,
				Base,
			);
			mainGroup = 49600A31282C8DE200C2825E;
			productRefGroup = 49600A3F282C8DE400C2825E /* Products */;
			projectDirPath = "";
			projectRoot = "";
			targets = (
				49600A3D282C8DE400C2825E /* ToDoListDemo (iOS) */,
				49600A43282C8DE400C2825E /* ToDoListDemo (macOS) */,
				49600A4A282C8DE400C2825E /* Tests iOS */,
				49600A56282C8DE400C2825E /* Tests macOS */,
			);
		};
/* End PBXProject section */

/* Begin PBXResourcesBuildPhase section */
		49600A3C282C8DE400C2825E /* Resources */ = {
			isa = PBXResourcesBuildPhase;
			buildActionMask = 2147483647;
			files = (
				49600A63282C8DE400C2825E /* Assets.xcassets in Resources */,
			);
			runOnlyForDeploymentPostprocessing = 0;
		};
		49600A42282C8DE400C2825E /* Resources */ = {
			isa = PBXResourcesBuildPhase;
			buildActionMask = 2147483647;
			files = (
				49600A64282C8DE400C2825E /* Assets.xcassets in Resources */,
			);
			runOnlyForDeploymentPostprocessing = 0;
		};
		49600A49282C8DE400C2825E /* Resources */ = {
			isa = PBXResourcesBuildPhase;
			buildActionMask = 2147483647;
			files = (
			);
			runOnlyForDeploymentPostprocessing = 0;
		};
		49600A55282C8DE400C2825E /* Resources */ = {
			isa = PBXResourcesBuildPhase;
			buildActionMask = 2147483647;
			files = (
			);
			runOnlyForDeploymentPostprocessing = 0;
		};
/* End PBXResourcesBuildPhase section */

/* Begin PBXSourcesBuildPhase section */
		49600A3A282C8DE400C2825E /* Sources */ = {
			isa = PBXSourcesBuildPhase;
			buildActionMask = 2147483647;
			files = (
				49600A61282C8DE400C2825E /* ContentView.swift in Sources */,
				49600A5F282C8DE400C2825E /* ToDoListDemoApp.swift in Sources */,
			);
			runOnlyForDeploymentPostprocessing = 0;
		};
		49600A40282C8DE400C2825E /* Sources */ = {
			isa = PBXSourcesBuildPhase;
			buildActionMask = 2147483647;
			files = (
				49600A62282C8DE400C2825E /* ContentView.swift in Sources */,
				49600A60282C8DE400C2825E /* ToDoListDemoApp.swift in Sources */,
			);
			runOnlyForDeploymentPostprocessing = 0;
		};
		49600A47282C8DE400C2825E /* Sources */ = {
			isa = PBXSourcesBuildPhase;
			buildActionMask = 2147483647;
			files = (
				49600A52282C8DE400C2825E /* Tests_iOSLaunchTests.swift in Sources */,
				49600A50282C8DE400C2825E /* Tests_iOS.swift in Sources */,
			);
			runOnlyForDeploymentPostprocessing = 0;
		};
		49600A53282C8DE400C2825E /* Sources */ = {
			isa = PBXSourcesBuildPhase;
			buildActionMask = 2147483647;
			files = (
				49600A5E282C8DE400C2825E /* Tests_macOSLaunchTests.swift in Sources */,
				49600A5C282C8DE400C2825E /* Tests_macOS.swift in Sources */,
			);
			runOnlyForDeploymentPostprocessing = 0;
		};
/* End PBXSourcesBuildPhase section */

/* Begin PBXTargetDependency section */
		49600A4D282C8DE400C2825E /* PBXTargetDependency */ = {
			isa = PBXTargetDependency;
			target = 49600A3D282C8DE400C2825E /* ToDoListDemo (iOS) */;
			targetProxy = 49600A4C282C8DE400C2825E /* PBXContainerItemProxy */;
		};
		49600A59282C8DE400C2825E /* PBXTargetDependency */ = {
			isa = PBXTargetDependency;
			target = 49600A43282C8DE400C2825E /* ToDoListDemo (macOS) */;
			targetProxy = 49600A58282C8DE400C2825E /* PBXContainerItemProxy */;
		};
/* End PBXTargetDependency section */

/* Begin XCBuildConfiguration section */
		49600A65282C8DE400C2825E /* Debug */ = {
			isa = XCBuildConfiguration;
			buildSettings = {
				ALWAYS_SEARCH_USER_PATHS = NO;
				CLANG_ANALYZER_NONNULL = YES;
				CLANG_ANALYZER_NUMBER_OBJECT_CONVERSION = YES_AGGRESSIVE;
				CLANG_CXX_LANGUAGE_STANDARD = "gnu++17";
				CLANG_ENABLE_MODULES = YES;
				CLANG_ENABLE_OBJC_ARC = YES;
				CLANG_ENABLE_OBJC_WEAK = YES;
				CLANG_WARN_BLOCK_CAPTURE_AUTORELEASING = YES;
				CLANG_WARN_BOOL_CONVERSION = YES;
				CLANG_WARN_COMMA = YES;
				CLANG_WARN_CONSTANT_CONVERSION = YES;
				CLANG_WARN_DEPRECATED_OBJC_IMPLEMENTATIONS = YES;
				CLANG_WARN_DIRECT_OBJC_ISA_USAGE = YES_ERROR;
				CLANG_WARN_DOCUMENTATION_COMMENTS = YES;
				CLANG_WARN_EMPTY_BODY = YES;
				CLANG_WARN_ENUM_CONVERSION = YES;
				CLANG_WARN_INFINITE_RECURSION = YES;
				CLANG_WARN_INT_CONVERSION = YES;
				CLANG_WARN_NON_LITERAL_NULL_CONVERSION = YES;
				CLANG_WARN_OBJC_IMPLICIT_RETAIN_SELF = YES;
				CLANG_WARN_OBJC_LITERAL_CONVERSION = YES;
				CLANG_WARN_OBJC_ROOT_CLASS = YES_ERROR;
				CLANG_WARN_QUOTED_INCLUDE_IN_FRAMEWORK_HEADER = YES;
				CLANG_WARN_RANGE_LOOP_ANALYSIS = YES;
				CLANG_WARN_STRICT_PROTOTYPES = YES;
				CLANG_WARN_SUSPICIOUS_MOVE = YES;
				CLANG_WARN_UNGUARDED_AVAILABILITY = YES_AGGRESSIVE;
				CLANG_WARN_UNREACHABLE_CODE = YES;
				CLANG_WARN__DUPLICATE_METHOD_MATCH = YES;
				COPY_PHASE_STRIP = NO;
				DEBUG_INFORMATION_FORMAT = dwarf;
				ENABLE_STRICT_OBJC_MSGSEND = YES;
				ENABLE_TESTABILITY = YES;
				GCC_C_LANGUAGE_STANDARD = gnu11;
				GCC_DYNAMIC_NO_PIC = NO;
				GCC_NO_COMMON_BLOCKS = YES;
				GCC_OPTIMIZATION_LEVEL = 0;
				GCC_PREPROCESSOR_DEFINITIONS = (
					"DEBUG=1",
					"$(inherited)",
				);
				GCC_WARN_64_TO_32_BIT_CONVERSION = YES;
				GCC_WARN_ABOUT_RETURN_TYPE = YES_ERROR;
				GCC_WARN_UNDECLARED_SELECTOR = YES;
				GCC_WARN_UNINITIALIZED_AUTOS = YES_AGGRESSIVE;
				GCC_WARN_UNUSED_FUNCTION = YES;
				GCC_WARN_UNUSED_VARIABLE = YES;
				MTL_ENABLE_DEBUG_INFO = INCLUDE_SOURCE;
				MTL_FAST_MATH = YES;
				ONLY_ACTIVE_ARCH = YES;
				SWIFT_ACTIVE_COMPILATION_CONDITIONS = DEBUG;
				SWIFT_OPTIMIZATION_LEVEL = "-Onone";
			};
			name = Debug;
		};
		49600A66282C8DE400C2825E /* Release */ = {
			isa = XCBuildConfiguration;
			buildSettings = {
				ALWAYS_SEARCH_USER_PATHS = NO;
				CLANG_ANALYZER_NONNULL = YES;
				CLANG_ANALYZER_NUMBER_OBJECT_CONVERSION = YES_AGGRESSIVE;
				CLANG_CXX_LANGUAGE_STANDARD = "gnu++17";
				CLANG_ENABLE_MODULES = YES;
				CLANG_ENABLE_OBJC_ARC = YES;
				CLANG_ENABLE_OBJC_WEAK = YES;
				CLANG_WARN_BLOCK_CAPTURE_AUTORELEASING = YES;
				CLANG_WARN_BOOL_CONVERSION = YES;
				CLANG_WARN_COMMA = YES;
				CLANG_WARN_CONSTANT_CONVERSION = YES;
				CLANG_WARN_DEPRECATED_OBJC_IMPLEMENTATIONS = YES;
				CLANG_WARN_DIRECT_OBJC_ISA_USAGE = YES_ERROR;
				CLANG_WARN_DOCUMENTATION_COMMENTS = YES;
				CLANG_WARN_EMPTY_BODY = YES;
				CLANG_WARN_ENUM_CONVERSION = YES;
				CLANG_WARN_INFINITE_RECURSION = YES;
				CLANG_WARN_INT_CONVERSION = YES;
				CLANG_WARN_NON_LITERAL_NULL_CONVERSION = YES;
				CLANG_WARN_OBJC_IMPLICIT_RETAIN_SELF = YES;
				CLANG_WARN_OBJC_LITERAL_CONVERSION = YES;
				CLANG_WARN_OBJC_ROOT_CLASS = YES_ERROR;
				CLANG_WARN_QUOTED_INCLUDE_IN_FRAMEWORK_HEADER = YES;
				CLANG_WARN_RANGE_LOOP_ANALYSIS = YES;
				CLANG_WARN_STRICT_PROTOTYPES = YES;
				CLANG_WARN_SUSPICIOUS_MOVE = YES;
				CLANG_WARN_UNGUARDED_AVAILABILITY = YES_AGGRESSIVE;
				CLANG_WARN_UNREACHABLE_CODE = YES;
				CLANG_WARN__DUPLICATE_METHOD_MATCH = YES;
				COPY_PHASE_STRIP = NO;
				DEBUG_INFORMATION_FORMAT = "dwarf-with-dsym";
				ENABLE_NS_ASSERTIONS = NO;
				ENABLE_STRICT_OBJC_MSGSEND = YES;
				GCC_C_LANGUAGE_STANDARD = gnu11;
				GCC_NO_COMMON_BLOCKS = YES;
				GCC_WARN_64_TO_32_BIT_CONVERSION = YES;
				GCC_WARN_ABOUT_RETURN_TYPE = YES_ERROR;
				GCC_WARN_UNDECLARED_SELECTOR = YES;
				GCC_WARN_UNINITIALIZED_AUTOS = YES_AGGRESSIVE;
				GCC_WARN_UNUSED_FUNCTION = YES;
				GCC_WARN_UNUSED_VARIABLE = YES;
				MTL_ENABLE_DEBUG_INFO = NO;
				MTL_FAST_MATH = YES;
				SWIFT_COMPILATION_MODE = wholemodule;
				SWIFT_OPTIMIZATION_LEVEL = "-O";
			};
			name = Release;
		};
		49600A68282C8DE400C2825E /* Debug */ = {
			isa = XCBuildConfiguration;
			buildSettings = {
				ASSETCATALOG_COMPILER_APPICON_NAME = AppIcon;
				ASSETCATALOG_COMPILER_GLOBAL_ACCENT_COLOR_NAME = AccentColor;
				CODE_SIGN_STYLE = Automatic;
				CURRENT_PROJECT_VERSION = 1;
				ENABLE_PREVIEWS = YES;
				GENERATE_INFOPLIST_FILE = YES;
				INFOPLIST_KEY_UIApplicationSceneManifest_Generation = YES;
				INFOPLIST_KEY_UIApplicationSupportsIndirectInputEvents = YES;
				INFOPLIST_KEY_UILaunchScreen_Generation = YES;
				INFOPLIST_KEY_UISupportedInterfaceOrientations_iPad = "UIInterfaceOrientationPortrait UIInterfaceOrientationPortraitUpsideDown UIInterfaceOrientationLandscapeLeft UIInterfaceOrientationLandscapeRight";
				INFOPLIST_KEY_UISupportedInterfaceOrientations_iPhone = "UIInterfaceOrientationPortrait UIInterfaceOrientationLandscapeLeft UIInterfaceOrientationLandscapeRight";
				IPHONEOS_DEPLOYMENT_TARGET = 15.4;
				LD_RUNPATH_SEARCH_PATHS = (
					"$(inherited)",
					"@executable_path/Frameworks",
				);
				MARKETING_VERSION = 1.0;
				PRODUCT_BUNDLE_IDENTIFIER = jp.jh.ToDoListDemo;
				PRODUCT_NAME = ToDoListDemo;
				SDKROOT = iphoneos;
				SWIFT_EMIT_LOC_STRINGS = YES;
				SWIFT_VERSION = 5.0;
				TARGETED_DEVICE_FAMILY = "1,2";
			};
			name = Debug;
		};
		49600A69282C8DE400C2825E /* Release */ = {
			isa = XCBuildConfiguration;
			buildSettings = {
				ASSETCATALOG_COMPILER_APPICON_NAME = AppIcon;
				ASSETCATALOG_COMPILER_GLOBAL_ACCENT_COLOR_NAME = AccentColor;
				CODE_SIGN_STYLE = Automatic;
				CURRENT_PROJECT_VERSION = 1;
				ENABLE_PREVIEWS = YES;
				GENERATE_INFOPLIST_FILE = YES;
				INFOPLIST_KEY_UIApplicationSceneManifest_Generation = YES;
				INFOPLIST_KEY_UIApplicationSupportsIndirectInputEvents = YES;
				INFOPLIST_KEY_UILaunchScreen_Generation = YES;
				INFOPLIST_KEY_UISupportedInterfaceOrientations_iPad = "UIInterfaceOrientationPortrait UIInterfaceOrientationPortraitUpsideDown UIInterfaceOrientationLandscapeLeft UIInterfaceOrientationLandscapeRight";
				INFOPLIST_KEY_UISupportedInterfaceOrientations_iPhone = "UIInterfaceOrientationPortrait UIInterfaceOrientationLandscapeLeft UIInterfaceOrientationLandscapeRight";
				IPHONEOS_DEPLOYMENT_TARGET = 15.4;
				LD_RUNPATH_SEARCH_PATHS = (
					"$(inherited)",
					"@executable_path/Frameworks",
				);
				MARKETING_VERSION = 1.0;
				PRODUCT_BUNDLE_IDENTIFIER = jp.jh.ToDoListDemo;
				PRODUCT_NAME = ToDoListDemo;
				SDKROOT = iphoneos;
				SWIFT_EMIT_LOC_STRINGS = YES;
				SWIFT_VERSION = 5.0;
				TARGETED_DEVICE_FAMILY = "1,2";
				VALIDATE_PRODUCT = YES;
			};
			name = Release;
		};
		49600A6B282C8DE400C2825E /* Debug */ = {
			isa = XCBuildConfiguration;
			buildSettings = {
				ASSETCATALOG_COMPILER_APPICON_NAME = AppIcon;
				ASSETCATALOG_COMPILER_GLOBAL_ACCENT_COLOR_NAME = AccentColor;
				CODE_SIGN_ENTITLEMENTS = macOS/macOS.entitlements;
				CODE_SIGN_STYLE = Automatic;
				COMBINE_HIDPI_IMAGES = YES;
				CURRENT_PROJECT_VERSION = 1;
				ENABLE_PREVIEWS = YES;
				GENERATE_INFOPLIST_FILE = YES;
				INFOPLIST_KEY_NSHumanReadableCopyright = "";
				LD_RUNPATH_SEARCH_PATHS = (
					"$(inherited)",
					"@executable_path/../Frameworks",
				);
				MACOSX_DEPLOYMENT_TARGET = 12.3;
				MARKETING_VERSION = 1.0;
				PRODUCT_BUNDLE_IDENTIFIER = jp.jh.ToDoListDemo;
				PRODUCT_NAME = ToDoListDemo;
				SDKROOT = macosx;
				SWIFT_EMIT_LOC_STRINGS = YES;
				SWIFT_VERSION = 5.0;
			};
			name = Debug;
		};
		49600A6C282C8DE400C2825E /* Release */ = {
			isa = XCBuildConfiguration;
			buildSettings = {
				ASSETCATALOG_COMPILER_APPICON_NAME = AppIcon;
				ASSETCATALOG_COMPILER_GLOBAL_ACCENT_COLOR_NAME = AccentColor;
				CODE_SIGN_ENTITLEMENTS = macOS/macOS.entitlements;
				CODE_SIGN_STYLE = Automatic;
				COMBINE_HIDPI_IMAGES = YES;
				CURRENT_PROJECT_VERSION = 1;
				ENABLE_PREVIEWS = YES;
				GENERATE_INFOPLIST_FILE = YES;
				INFOPLIST_KEY_NSHumanReadableCopyright = "";
				LD_RUNPATH_SEARCH_PATHS = (
					"$(inherited)",
					"@executable_path/../Frameworks",
				);
				MACOSX_DEPLOYMENT_TARGET = 12.3;
				MARKETING_VERSION = 1.0;
				PRODUCT_BUNDLE_IDENTIFIER = jp.jh.ToDoListDemo;
				PRODUCT_NAME = ToDoListDemo;
				SDKROOT = macosx;
				SWIFT_EMIT_LOC_STRINGS = YES;
				SWIFT_VERSION = 5.0;
			};
			name = Release;
		};
		49600A6E282C8DE400C2825E /* Debug */ = {
			isa = XCBuildConfiguration;
			buildSettings = {
				ALWAYS_EMBED_SWIFT_STANDARD_LIBRARIES = YES;
				CODE_SIGN_STYLE = Automatic;
				CURRENT_PROJECT_VERSION = 1;
				GENERATE_INFOPLIST_FILE = YES;
				IPHONEOS_DEPLOYMENT_TARGET = 15.4;
				MARKETING_VERSION = 1.0;
				PRODUCT_BUNDLE_IDENTIFIER = "jp.jh.Tests-iOS";
				PRODUCT_NAME = "$(TARGET_NAME)";
				SDKROOT = iphoneos;
				SWIFT_EMIT_LOC_STRINGS = NO;
				SWIFT_VERSION = 5.0;
				TARGETED_DEVICE_FAMILY = "1,2";
				TEST_TARGET_NAME = "ToDoListDemo (iOS)";
			};
			name = Debug;
		};
		49600A6F282C8DE400C2825E /* Release */ = {
			isa = XCBuildConfiguration;
			buildSettings = {
				ALWAYS_EMBED_SWIFT_STANDARD_LIBRARIES = YES;
				CODE_SIGN_STYLE = Automatic;
				CURRENT_PROJECT_VERSION = 1;
				GENERATE_INFOPLIST_FILE = YES;
				IPHONEOS_DEPLOYMENT_TARGET = 15.4;
				MARKETING_VERSION = 1.0;
				PRODUCT_BUNDLE_IDENTIFIER = "jp.jh.Tests-iOS";
				PRODUCT_NAME = "$(TARGET_NAME)";
				SDKROOT = iphoneos;
				SWIFT_EMIT_LOC_STRINGS = NO;
				SWIFT_VERSION = 5.0;
				TARGETED_DEVICE_FAMILY = "1,2";
				TEST_TARGET_NAME = "ToDoListDemo (iOS)";
				VALIDATE_PRODUCT = YES;
			};
			name = Release;
		};
		49600A71282C8DE400C2825E /* Debug */ = {
			isa = XCBuildConfiguration;
			buildSettings = {
				ALWAYS_EMBED_SWIFT_STANDARD_LIBRARIES = YES;
				CODE_SIGN_STYLE = Automatic;
				CURRENT_PROJECT_VERSION = 1;
				GENERATE_INFOPLIST_FILE = YES;
				MACOSX_DEPLOYMENT_TARGET = 12.3;
				MARKETING_VERSION = 1.0;
				PRODUCT_BUNDLE_IDENTIFIER = "jp.jh.Tests-macOS";
				PRODUCT_NAME = "$(TARGET_NAME)";
				SDKROOT = macosx;
				SWIFT_EMIT_LOC_STRINGS = NO;
				SWIFT_VERSION = 5.0;
				TEST_TARGET_NAME = "ToDoListDemo (macOS)";
			};
			name = Debug;
		};
		49600A72282C8DE400C2825E /* Release */ = {
			isa = XCBuildConfiguration;
			buildSettings = {
				ALWAYS_EMBED_SWIFT_STANDARD_LIBRARIES = YES;
				CODE_SIGN_STYLE = Automatic;
				CURRENT_PROJECT_VERSION = 1;
				GENERATE_INFOPLIST_FILE = YES;
				MACOSX_DEPLOYMENT_TARGET = 12.3;
				MARKETING_VERSION = 1.0;
				PRODUCT_BUNDLE_IDENTIFIER = "jp.jh.Tests-macOS";
				PRODUCT_NAME = "$(TARGET_NAME)";
				SDKROOT = macosx;
				SWIFT_EMIT_LOC_STRINGS = NO;
				SWIFT_VERSION = 5.0;
				TEST_TARGET_NAME = "ToDoListDemo (macOS)";
			};
			name = Release;
		};
/* End XCBuildConfiguration section */

/* Begin XCConfigurationList section */
		49600A35282C8DE200C2825E /* Build configuration list for PBXProject "ToDoListDemo" */ = {
			isa = XCConfigurationList;
			buildConfigurations = (
				49600A65282C8DE400C2825E /* Debug */,
				49600A66282C8DE400C2825E /* Release */,
			);
			defaultConfigurationIsVisible = 0;
			defaultConfigurationName = Release;
		};
		49600A67282C8DE400C2825E /* Build configuration list for PBXNativeTarget "ToDoListDemo (iOS)" */ = {
			isa = XCConfigurationList;
			buildConfigurations = (
				49600A68282C8DE400C2825E /* Debug */,
				49600A69282C8DE400C2825E /* Release */,
			);
			defaultConfigurationIsVisible = 0;
			defaultConfigurationName = Release;
		};
		49600A6A282C8DE400C2825E /* Build configuration list for PBXNativeTarget "ToDoListDemo (macOS)" */ = {
			isa = XCConfigurationList;
			buildConfigurations = (
				49600A6B282C8DE400C2825E /* Debug */,
				49600A6C282C8DE400C2825E /* Release */,
			);
			defaultConfigurationIsVisible = 0;
			defaultConfigurationName = Release;
		};
		49600A6D282C8DE400C2825E /* Build configuration list for PBXNativeTarget "Tests iOS" */ = {
			isa = XCConfigurationList;
			buildConfigurations = (
				49600A6E282C8DE400C2825E /* Debug */,
				49600A6F282C8DE400C2825E /* Release */,
			);
			defaultConfigurationIsVisible = 0;
			defaultConfigurationName = Release;
		};
		49600A70282C8DE400C2825E /* Build configuration list for PBXNativeTarget "Tests macOS" */ = {
			isa = XCConfigurationList;
			buildConfigurations = (
				49600A71282C8DE400C2825E /* Debug */,
				49600A72282C8DE400C2825E /* Release */,
			);
			defaultConfigurationIsVisible = 0;
			defaultConfigurationName = Release;
		};
/* End XCConfigurationList section */
	};
	rootObject = 49600A32282C8DE200C2825E /* Project object */;
}
